// !$*UTF8*$!
{
	archiveVersion = 1;
	classes = {
	};
	objectVersion = 46;
	objects = {

/* Begin PBXBuildFile section */
		2D39C1363509CDDBF57D9FDF /* Pods_Memento.framework in Frameworks */ = {isa = PBXBuildFile; fileRef = 535D42DE3A22028E3712CDFB /* Pods_Memento.framework */; };
		5508B9331ED916A600526200 /* LearnOrganizer.m in Sources */ = {isa = PBXBuildFile; fileRef = 5508B92C1ED916A600526200 /* LearnOrganizer.m */; };
		5508B9341ED916A600526200 /* MatchOrganizer.m in Sources */ = {isa = PBXBuildFile; fileRef = 5508B9301ED916A600526200 /* MatchOrganizer.m */; };
		5508B9461ED9176B00526200 /* EditSetTableViewController.m in Sources */ = {isa = PBXBuildFile; fileRef = 5508B9371ED9176B00526200 /* EditSetTableViewController.m */; };
		5508B9471ED9176B00526200 /* DetailSetTableViewController.m in Sources */ = {isa = PBXBuildFile; fileRef = 5508B9391ED9176B00526200 /* DetailSetTableViewController.m */; };
		5508B9481ED9176B00526200 /* LearnRoundInfoTableViewController.m in Sources */ = {isa = PBXBuildFile; fileRef = 5508B93C1ED9176B00526200 /* LearnRoundInfoTableViewController.m */; };
		5508B9491ED9176B00526200 /* LearnRoundViewController.m in Sources */ = {isa = PBXBuildFile; fileRef = 5508B93E1ED9176B00526200 /* LearnRoundViewController.m */; };
		5508B94A1ED9176B00526200 /* MatchItemsCollectionViewController.m in Sources */ = {isa = PBXBuildFile; fileRef = 5508B9411ED9176B00526200 /* MatchItemsCollectionViewController.m */; };
		5508B94B1ED9176B00526200 /* MatchPrepareViewController.m in Sources */ = {isa = PBXBuildFile; fileRef = 5508B9431ED9176B00526200 /* MatchPrepareViewController.m */; };
		5508B94C1ED9176B00526200 /* SetsViewController.m in Sources */ = {isa = PBXBuildFile; fileRef = 5508B9451ED9176B00526200 /* SetsViewController.m */; };
		5508B9611ED9184B00526200 /* Circle.m in Sources */ = {isa = PBXBuildFile; fileRef = 5508B94F1ED9184B00526200 /* Circle.m */; };
		5508B9621ED9184B00526200 /* ItemLabel.m in Sources */ = {isa = PBXBuildFile; fileRef = 5508B9511ED9184B00526200 /* ItemLabel.m */; };
		5508B9631ED9184B00526200 /* ItemOfMatchCollectionViewCell.m in Sources */ = {isa = PBXBuildFile; fileRef = 5508B9531ED9184B00526200 /* ItemOfMatchCollectionViewCell.m */; };
		5508B9661ED9184B00526200 /* LearnProgressStackView.m in Sources */ = {isa = PBXBuildFile; fileRef = 5508B9591ED9184B00526200 /* LearnProgressStackView.m */; };
		5508B9671ED9184B00526200 /* LearnRoundInfoHeader.m in Sources */ = {isa = PBXBuildFile; fileRef = 5508B95B1ED9184B00526200 /* LearnRoundInfoHeader.m */; };
		5508B9681ED9184B00526200 /* LearnRoundInfoHeader.xib in Resources */ = {isa = PBXBuildFile; fileRef = 5508B95C1ED9184B00526200 /* LearnRoundInfoHeader.xib */; };
		5508B96A1ED9184B00526200 /* SetTableViewCell.m in Sources */ = {isa = PBXBuildFile; fileRef = 5508B9601ED9184B00526200 /* SetTableViewCell.m */; };
		5508B9721ED9186300526200 /* ItemOfSet.m in Sources */ = {isa = PBXBuildFile; fileRef = 5508B96E1ED9186300526200 /* ItemOfSet.m */; };
		5508B9731ED9186300526200 /* Set.m in Sources */ = {isa = PBXBuildFile; fileRef = 5508B9701ED9186300526200 /* Set.m */; };
		5513ECFB1EE9BC7700E2611B /* Settings.storyboard in Resources */ = {isa = PBXBuildFile; fileRef = 5513ECF91EE9BC7700E2611B /* Settings.storyboard */; };
		5513ED051EE9CCB400E2611B /* SettingsTableViewController.m in Sources */ = {isa = PBXBuildFile; fileRef = 5513ED041EE9CCB400E2611B /* SettingsTableViewController.m */; };
		5513ED081EE9CCC300E2611B /* PasswordSettingTableViewController.m in Sources */ = {isa = PBXBuildFile; fileRef = 5513ED071EE9CCC300E2611B /* PasswordSettingTableViewController.m */; };
		5513ED0B1EE9CD3F00E2611B /* EmailSettingTableViewController.m in Sources */ = {isa = PBXBuildFile; fileRef = 5513ED0A1EE9CD3F00E2611B /* EmailSettingTableViewController.m */; };
		551E912E1EF5E1B10091DB14 /* EditingItemOfSetTableViewCell.m in Sources */ = {isa = PBXBuildFile; fileRef = 551E912C1EF5E1B10091DB14 /* EditingItemOfSetTableViewCell.m */; };
		551E912F1EF5E1B10091DB14 /* EditingItemOfSetTableViewCell.xib in Resources */ = {isa = PBXBuildFile; fileRef = 551E912D1EF5E1B10091DB14 /* EditingItemOfSetTableViewCell.xib */; };
		551E91321EF5E8120091DB14 /* EditingTextView.m in Sources */ = {isa = PBXBuildFile; fileRef = 551E91311EF5E8120091DB14 /* EditingTextView.m */; };
		551E913A1EF707720091DB14 /* AddItemTableViewCell.m in Sources */ = {isa = PBXBuildFile; fileRef = 551E91381EF707720091DB14 /* AddItemTableViewCell.m */; };
		551E913B1EF707720091DB14 /* AddItemTableViewCell.xib in Resources */ = {isa = PBXBuildFile; fileRef = 551E91391EF707720091DB14 /* AddItemTableViewCell.xib */; };
		552102771EF752FE00B8FF3A /* SelectedLanguagesTableViewController.m in Sources */ = {isa = PBXBuildFile; fileRef = 552102761EF752FE00B8FF3A /* SelectedLanguagesTableViewController.m */; };
		5521027A1EF7530B00B8FF3A /* SelectLanguageTableViewController.m in Sources */ = {isa = PBXBuildFile; fileRef = 552102791EF7530B00B8FF3A /* SelectLanguageTableViewController.m */; };
		5521027D1EF7535E00B8FF3A /* EditSet.storyboard in Resources */ = {isa = PBXBuildFile; fileRef = 5521027B1EF7535E00B8FF3A /* EditSet.storyboard */; };
		552102811EF754E600B8FF3A /* SelectLanguageTableViewCell.m in Sources */ = {isa = PBXBuildFile; fileRef = 552102801EF754E600B8FF3A /* SelectLanguageTableViewCell.m */; };
		5525EE871EE3725100206898 /* SetService.m in Sources */ = {isa = PBXBuildFile; fileRef = 5525EE861EE3725100206898 /* SetService.m */; };
		5525EE8A1EE376AB00206898 /* BaseService.m in Sources */ = {isa = PBXBuildFile; fileRef = 5525EE891EE376AB00206898 /* BaseService.m */; };
		5525EE8E1EE38C1C00206898 /* SetMapper.m in Sources */ = {isa = PBXBuildFile; fileRef = 5525EE8D1EE38C1C00206898 /* SetMapper.m */; };
		5525EE911EE3918500206898 /* ItemOfSetMapper.m in Sources */ = {isa = PBXBuildFile; fileRef = 5525EE901EE3918500206898 /* ItemOfSetMapper.m */; };
		553B24361EE7105800D51326 /* Entity.m in Sources */ = {isa = PBXBuildFile; fileRef = 553B24351EE7105800D51326 /* Entity.m */; };
		55501CA31EFC7815007B732C /* LearnSettingsTableViewController.m in Sources */ = {isa = PBXBuildFile; fileRef = 55501CA21EFC7815007B732C /* LearnSettingsTableViewController.m */; };
		55501CA71EFC79B5007B732C /* UserDefaultsService.m in Sources */ = {isa = PBXBuildFile; fileRef = 55501CA61EFC79B5007B732C /* UserDefaultsService.m */; };
		559094291EDEF53A00BE4500 /* User.m in Sources */ = {isa = PBXBuildFile; fileRef = 559094281EDEF53A00BE4500 /* User.m */; };
		559094311EDF009700BE4500 /* GoogleService-Info.plist in Resources */ = {isa = PBXBuildFile; fileRef = 559094301EDF009700BE4500 /* GoogleService-Info.plist */; };
		55A5EEE81EF9C68800DFFC2D /* SpeechService.m in Sources */ = {isa = PBXBuildFile; fileRef = 55A5EEE71EF9C68800DFFC2D /* SpeechService.m */; };
		55AA02951EF9BC2C00D7CF01 /* Assets.xcassets in Resources */ = {isa = PBXBuildFile; fileRef = 55AA02941EF9BC2C00D7CF01 /* Assets.xcassets */; };
		55B3E16C1F016AEC003961E3 /* AlertPresenter.m in Sources */ = {isa = PBXBuildFile; fileRef = 55B3E16B1F016AEC003961E3 /* AlertPresenter.m */; };
		55B3E1721F01F03E003961E3 /* FeatureView.m in Sources */ = {isa = PBXBuildFile; fileRef = 55B3E1711F01F03E003961E3 /* FeatureView.m */; };
		55B3E1741F01F049003961E3 /* FeatureView.xib in Resources */ = {isa = PBXBuildFile; fileRef = 55B3E1731F01F049003961E3 /* FeatureView.xib */; };
		55B3E1771F01F284003961E3 /* Feature.m in Sources */ = {isa = PBXBuildFile; fileRef = 55B3E1761F01F284003961E3 /* Feature.m */; };
		55BAE12C1EDF8D6D00F1CBEE /* AuthService.m in Sources */ = {isa = PBXBuildFile; fileRef = 55BAE12B1EDF8D6D00F1CBEE /* AuthService.m */; };
		55BAE12F1EDF928100F1CBEE /* TransportLayer.m in Sources */ = {isa = PBXBuildFile; fileRef = 55BAE12E1EDF928100F1CBEE /* TransportLayer.m */; };
		55BAE1331EE088D100F1CBEE /* ServiceLocator.m in Sources */ = {isa = PBXBuildFile; fileRef = 55BAE1321EE088D100F1CBEE /* ServiceLocator.m */; };
		55BAE13A1EE08EE600F1CBEE /* RemoteServiceFactory.m in Sources */ = {isa = PBXBuildFile; fileRef = 55BAE1391EE08EE600F1CBEE /* RemoteServiceFactory.m */; };
		55BAE13D1EE09C7000F1CBEE /* Assembly.m in Sources */ = {isa = PBXBuildFile; fileRef = 55BAE13C1EE09C7000F1CBEE /* Assembly.m */; };
		55BAE1451EE09E0900F1CBEE /* LogInTableViewController.m in Sources */ = {isa = PBXBuildFile; fileRef = 55BAE1401EE09E0900F1CBEE /* LogInTableViewController.m */; };
		55BAE1461EE09E0900F1CBEE /* SignUpTableViewController.m in Sources */ = {isa = PBXBuildFile; fileRef = 55BAE1421EE09E0900F1CBEE /* SignUpTableViewController.m */; };
		55BAE1471EE09E0900F1CBEE /* WelcomeViewController.m in Sources */ = {isa = PBXBuildFile; fileRef = 55BAE1441EE09E0900F1CBEE /* WelcomeViewController.m */; };
		55BE2D2F1F054DDA00866DD7 /* Memento.xcdatamodeld in Sources */ = {isa = PBXBuildFile; fileRef = 55BE2D2D1F054DDA00866DD7 /* Memento.xcdatamodeld */; };
		55D34EDA1EBA906500A2EE38 /* main.m in Sources */ = {isa = PBXBuildFile; fileRef = 55D34ED91EBA906500A2EE38 /* main.m */; };
		55D34EDD1EBA906500A2EE38 /* AppDelegate.m in Sources */ = {isa = PBXBuildFile; fileRef = 55D34EDC1EBA906500A2EE38 /* AppDelegate.m */; };
		55D34EE31EBA906500A2EE38 /* Main.storyboard in Resources */ = {isa = PBXBuildFile; fileRef = 55D34EE11EBA906500A2EE38 /* Main.storyboard */; };
		55D34EE81EBA906500A2EE38 /* LaunchScreen.storyboard in Resources */ = {isa = PBXBuildFile; fileRef = 55D34EE61EBA906500A2EE38 /* LaunchScreen.storyboard */; };
		55DD03481ED919FA00BDA097 /* UIColor+PickerColors.m in Sources */ = {isa = PBXBuildFile; fileRef = 55DD03451ED919FA00BDA097 /* UIColor+PickerColors.m */; };
		55DD03491ED919FA00BDA097 /* UITableView+GettingIndexPath.m in Sources */ = {isa = PBXBuildFile; fileRef = 55DD03471ED919FA00BDA097 /* UITableView+GettingIndexPath.m */; };
		55DD034C1ED91A3200BDA097 /* NSMutableArray+Shuffle.m in Sources */ = {isa = PBXBuildFile; fileRef = 55DD034B1ED91A3200BDA097 /* NSMutableArray+Shuffle.m */; };
		55E181B01EE43B1700C1313D /* BaseMapper.m in Sources */ = {isa = PBXBuildFile; fileRef = 55E181AF1EE43B1700C1313D /* BaseMapper.m */; };
		55E181B21EE4441500C1313D /* Auth.storyboard in Resources */ = {isa = PBXBuildFile; fileRef = 55E181B11EE4441500C1313D /* Auth.storyboard */; };
		55E181B61EE470AC00C1313D /* UserService.m in Sources */ = {isa = PBXBuildFile; fileRef = 55E181B51EE470AC00C1313D /* UserService.m */; };
		55E181B91EE4723200C1313D /* UserMapper.m in Sources */ = {isa = PBXBuildFile; fileRef = 55E181B81EE4723200C1313D /* UserMapper.m */; };
		55E181C21EE4B45400C1313D /* ItemOfSetTableViewCell.m in Sources */ = {isa = PBXBuildFile; fileRef = 55E181C01EE4B45400C1313D /* ItemOfSetTableViewCell.m */; };
		55E181C31EE4B45400C1313D /* ItemOfSetTableViewCell.xib in Resources */ = {isa = PBXBuildFile; fileRef = 55E181C11EE4B45400C1313D /* ItemOfSetTableViewCell.xib */; };
		55FDE9EE1F030593007DEFD1 /* AlertFactory.m in Sources */ = {isa = PBXBuildFile; fileRef = 55FDE9ED1F030593007DEFD1 /* AlertFactory.m */; };
/* End PBXBuildFile section */

/* Begin PBXFileReference section */
		03B1D7B40CEBC6BB37B0FDC3 /* Pods-Memento.release.xcconfig */ = {isa = PBXFileReference; includeInIndex = 1; lastKnownFileType = text.xcconfig; name = "Pods-Memento.release.xcconfig"; path = "Pods/Target Support Files/Pods-Memento/Pods-Memento.release.xcconfig"; sourceTree = "<group>"; };
		535D42DE3A22028E3712CDFB /* Pods_Memento.framework */ = {isa = PBXFileReference; explicitFileType = wrapper.framework; includeInIndex = 0; path = Pods_Memento.framework; sourceTree = BUILT_PRODUCTS_DIR; };
		5508B92B1ED916A600526200 /* LearnOrganizer.h */ = {isa = PBXFileReference; fileEncoding = 4; lastKnownFileType = sourcecode.c.h; path = LearnOrganizer.h; sourceTree = "<group>"; };
		5508B92C1ED916A600526200 /* LearnOrganizer.m */ = {isa = PBXFileReference; fileEncoding = 4; lastKnownFileType = sourcecode.c.objc; path = LearnOrganizer.m; sourceTree = "<group>"; };
		5508B92D1ED916A600526200 /* LearnOrganizerProtocol.h */ = {isa = PBXFileReference; fileEncoding = 4; lastKnownFileType = sourcecode.c.h; path = LearnOrganizerProtocol.h; sourceTree = "<group>"; };
		5508B92F1ED916A600526200 /* MatchOrganizer.h */ = {isa = PBXFileReference; fileEncoding = 4; lastKnownFileType = sourcecode.c.h; path = MatchOrganizer.h; sourceTree = "<group>"; };
		5508B9301ED916A600526200 /* MatchOrganizer.m */ = {isa = PBXFileReference; fileEncoding = 4; lastKnownFileType = sourcecode.c.objc; path = MatchOrganizer.m; sourceTree = "<group>"; };
		5508B9311ED916A600526200 /* MatchOrganizerProtocol.h */ = {isa = PBXFileReference; fileEncoding = 4; lastKnownFileType = sourcecode.c.h; path = MatchOrganizerProtocol.h; sourceTree = "<group>"; };
		5508B9321ED916A600526200 /* OrganizerProtocol.h */ = {isa = PBXFileReference; fileEncoding = 4; lastKnownFileType = sourcecode.c.h; path = OrganizerProtocol.h; sourceTree = "<group>"; };
		5508B9361ED9176B00526200 /* EditSetTableViewController.h */ = {isa = PBXFileReference; fileEncoding = 4; lastKnownFileType = sourcecode.c.h; name = EditSetTableViewController.h; path = EditSet/EditSetTableViewController.h; sourceTree = "<group>"; };
		5508B9371ED9176B00526200 /* EditSetTableViewController.m */ = {isa = PBXFileReference; fileEncoding = 4; lastKnownFileType = sourcecode.c.objc; name = EditSetTableViewController.m; path = EditSet/EditSetTableViewController.m; sourceTree = "<group>"; };
		5508B9381ED9176B00526200 /* DetailSetTableViewController.h */ = {isa = PBXFileReference; fileEncoding = 4; lastKnownFileType = sourcecode.c.h; path = DetailSetTableViewController.h; sourceTree = "<group>"; };
		5508B9391ED9176B00526200 /* DetailSetTableViewController.m */ = {isa = PBXFileReference; fileEncoding = 4; lastKnownFileType = sourcecode.c.objc; path = DetailSetTableViewController.m; sourceTree = "<group>"; };
		5508B93B1ED9176B00526200 /* LearnRoundInfoTableViewController.h */ = {isa = PBXFileReference; fileEncoding = 4; lastKnownFileType = sourcecode.c.h; path = LearnRoundInfoTableViewController.h; sourceTree = "<group>"; };
		5508B93C1ED9176B00526200 /* LearnRoundInfoTableViewController.m */ = {isa = PBXFileReference; fileEncoding = 4; lastKnownFileType = sourcecode.c.objc; path = LearnRoundInfoTableViewController.m; sourceTree = "<group>"; };
		5508B93D1ED9176B00526200 /* LearnRoundViewController.h */ = {isa = PBXFileReference; fileEncoding = 4; lastKnownFileType = sourcecode.c.h; path = LearnRoundViewController.h; sourceTree = "<group>"; };
		5508B93E1ED9176B00526200 /* LearnRoundViewController.m */ = {isa = PBXFileReference; fileEncoding = 4; lastKnownFileType = sourcecode.c.objc; path = LearnRoundViewController.m; sourceTree = "<group>"; };
		5508B9401ED9176B00526200 /* MatchItemsCollectionViewController.h */ = {isa = PBXFileReference; fileEncoding = 4; lastKnownFileType = sourcecode.c.h; path = MatchItemsCollectionViewController.h; sourceTree = "<group>"; };
		5508B9411ED9176B00526200 /* MatchItemsCollectionViewController.m */ = {isa = PBXFileReference; fileEncoding = 4; lastKnownFileType = sourcecode.c.objc; path = MatchItemsCollectionViewController.m; sourceTree = "<group>"; };
		5508B9421ED9176B00526200 /* MatchPrepareViewController.h */ = {isa = PBXFileReference; fileEncoding = 4; lastKnownFileType = sourcecode.c.h; path = MatchPrepareViewController.h; sourceTree = "<group>"; };
		5508B9431ED9176B00526200 /* MatchPrepareViewController.m */ = {isa = PBXFileReference; fileEncoding = 4; lastKnownFileType = sourcecode.c.objc; path = MatchPrepareViewController.m; sourceTree = "<group>"; };
		5508B9441ED9176B00526200 /* SetsViewController.h */ = {isa = PBXFileReference; fileEncoding = 4; lastKnownFileType = sourcecode.c.h; path = SetsViewController.h; sourceTree = "<group>"; };
		5508B9451ED9176B00526200 /* SetsViewController.m */ = {isa = PBXFileReference; fileEncoding = 4; lastKnownFileType = sourcecode.c.objc; path = SetsViewController.m; sourceTree = "<group>"; };
		5508B94E1ED9184B00526200 /* Circle.h */ = {isa = PBXFileReference; fileEncoding = 4; lastKnownFileType = sourcecode.c.h; path = Circle.h; sourceTree = "<group>"; };
		5508B94F1ED9184B00526200 /* Circle.m */ = {isa = PBXFileReference; fileEncoding = 4; lastKnownFileType = sourcecode.c.objc; path = Circle.m; sourceTree = "<group>"; };
		5508B9501ED9184B00526200 /* ItemLabel.h */ = {isa = PBXFileReference; fileEncoding = 4; lastKnownFileType = sourcecode.c.h; path = ItemLabel.h; sourceTree = "<group>"; };
		5508B9511ED9184B00526200 /* ItemLabel.m */ = {isa = PBXFileReference; fileEncoding = 4; lastKnownFileType = sourcecode.c.objc; path = ItemLabel.m; sourceTree = "<group>"; };
		5508B9521ED9184B00526200 /* ItemOfMatchCollectionViewCell.h */ = {isa = PBXFileReference; fileEncoding = 4; lastKnownFileType = sourcecode.c.h; path = ItemOfMatchCollectionViewCell.h; sourceTree = "<group>"; };
		5508B9531ED9184B00526200 /* ItemOfMatchCollectionViewCell.m */ = {isa = PBXFileReference; fileEncoding = 4; lastKnownFileType = sourcecode.c.objc; path = ItemOfMatchCollectionViewCell.m; sourceTree = "<group>"; };
		5508B9581ED9184B00526200 /* LearnProgressStackView.h */ = {isa = PBXFileReference; fileEncoding = 4; lastKnownFileType = sourcecode.c.h; path = LearnProgressStackView.h; sourceTree = "<group>"; };
		5508B9591ED9184B00526200 /* LearnProgressStackView.m */ = {isa = PBXFileReference; fileEncoding = 4; lastKnownFileType = sourcecode.c.objc; path = LearnProgressStackView.m; sourceTree = "<group>"; };
		5508B95A1ED9184B00526200 /* LearnRoundInfoHeader.h */ = {isa = PBXFileReference; fileEncoding = 4; lastKnownFileType = sourcecode.c.h; path = LearnRoundInfoHeader.h; sourceTree = "<group>"; };
		5508B95B1ED9184B00526200 /* LearnRoundInfoHeader.m */ = {isa = PBXFileReference; fileEncoding = 4; lastKnownFileType = sourcecode.c.objc; path = LearnRoundInfoHeader.m; sourceTree = "<group>"; };
		5508B95C1ED9184B00526200 /* LearnRoundInfoHeader.xib */ = {isa = PBXFileReference; fileEncoding = 4; lastKnownFileType = file.xib; path = LearnRoundInfoHeader.xib; sourceTree = "<group>"; };
		5508B95F1ED9184B00526200 /* SetTableViewCell.h */ = {isa = PBXFileReference; fileEncoding = 4; lastKnownFileType = sourcecode.c.h; path = SetTableViewCell.h; sourceTree = "<group>"; };
		5508B9601ED9184B00526200 /* SetTableViewCell.m */ = {isa = PBXFileReference; fileEncoding = 4; lastKnownFileType = sourcecode.c.objc; path = SetTableViewCell.m; sourceTree = "<group>"; };
		5508B96D1ED9186300526200 /* ItemOfSet.h */ = {isa = PBXFileReference; fileEncoding = 4; lastKnownFileType = sourcecode.c.h; path = ItemOfSet.h; sourceTree = "<group>"; };
		5508B96E1ED9186300526200 /* ItemOfSet.m */ = {isa = PBXFileReference; fileEncoding = 4; lastKnownFileType = sourcecode.c.objc; path = ItemOfSet.m; sourceTree = "<group>"; };
		5508B96F1ED9186300526200 /* Set.h */ = {isa = PBXFileReference; fileEncoding = 4; lastKnownFileType = sourcecode.c.h; path = Set.h; sourceTree = "<group>"; };
		5508B9701ED9186300526200 /* Set.m */ = {isa = PBXFileReference; fileEncoding = 4; lastKnownFileType = sourcecode.c.objc; path = Set.m; sourceTree = "<group>"; };
		5513ECE51EE8C6C200E2611B /* AuthenticationDelegate.h */ = {isa = PBXFileReference; fileEncoding = 4; lastKnownFileType = sourcecode.c.h; path = AuthenticationDelegate.h; sourceTree = "<group>"; };
		5513ECFA1EE9BC7700E2611B /* Base */ = {isa = PBXFileReference; lastKnownFileType = file.storyboard; name = Base; path = Base.lproj/Settings.storyboard; sourceTree = "<group>"; };
		5513ED031EE9CCB400E2611B /* SettingsTableViewController.h */ = {isa = PBXFileReference; fileEncoding = 4; lastKnownFileType = sourcecode.c.h; path = SettingsTableViewController.h; sourceTree = "<group>"; };
		5513ED041EE9CCB400E2611B /* SettingsTableViewController.m */ = {isa = PBXFileReference; fileEncoding = 4; lastKnownFileType = sourcecode.c.objc; path = SettingsTableViewController.m; sourceTree = "<group>"; };
		5513ED061EE9CCC300E2611B /* PasswordSettingTableViewController.h */ = {isa = PBXFileReference; fileEncoding = 4; lastKnownFileType = sourcecode.c.h; path = PasswordSettingTableViewController.h; sourceTree = "<group>"; };
		5513ED071EE9CCC300E2611B /* PasswordSettingTableViewController.m */ = {isa = PBXFileReference; fileEncoding = 4; lastKnownFileType = sourcecode.c.objc; path = PasswordSettingTableViewController.m; sourceTree = "<group>"; };
		5513ED091EE9CD3F00E2611B /* EmailSettingTableViewController.h */ = {isa = PBXFileReference; fileEncoding = 4; lastKnownFileType = sourcecode.c.h; path = EmailSettingTableViewController.h; sourceTree = "<group>"; };
		5513ED0A1EE9CD3F00E2611B /* EmailSettingTableViewController.m */ = {isa = PBXFileReference; fileEncoding = 4; lastKnownFileType = sourcecode.c.objc; path = EmailSettingTableViewController.m; sourceTree = "<group>"; };
		551E912B1EF5E1B10091DB14 /* EditingItemOfSetTableViewCell.h */ = {isa = PBXFileReference; fileEncoding = 4; lastKnownFileType = sourcecode.c.h; name = EditingItemOfSetTableViewCell.h; path = EditSet/EditingItemOfSetTableViewCell.h; sourceTree = "<group>"; };
		551E912C1EF5E1B10091DB14 /* EditingItemOfSetTableViewCell.m */ = {isa = PBXFileReference; fileEncoding = 4; lastKnownFileType = sourcecode.c.objc; name = EditingItemOfSetTableViewCell.m; path = EditSet/EditingItemOfSetTableViewCell.m; sourceTree = "<group>"; };
		551E912D1EF5E1B10091DB14 /* EditingItemOfSetTableViewCell.xib */ = {isa = PBXFileReference; fileEncoding = 4; lastKnownFileType = file.xib; name = EditingItemOfSetTableViewCell.xib; path = EditSet/EditingItemOfSetTableViewCell.xib; sourceTree = "<group>"; };
		551E91301EF5E8120091DB14 /* EditingTextView.h */ = {isa = PBXFileReference; fileEncoding = 4; lastKnownFileType = sourcecode.c.h; name = EditingTextView.h; path = EditSet/EditingTextView.h; sourceTree = "<group>"; };
		551E91311EF5E8120091DB14 /* EditingTextView.m */ = {isa = PBXFileReference; fileEncoding = 4; lastKnownFileType = sourcecode.c.objc; name = EditingTextView.m; path = EditSet/EditingTextView.m; sourceTree = "<group>"; };
		551E91371EF707720091DB14 /* AddItemTableViewCell.h */ = {isa = PBXFileReference; fileEncoding = 4; lastKnownFileType = sourcecode.c.h; name = AddItemTableViewCell.h; path = EditSet/AddItemTableViewCell.h; sourceTree = "<group>"; };
		551E91381EF707720091DB14 /* AddItemTableViewCell.m */ = {isa = PBXFileReference; fileEncoding = 4; lastKnownFileType = sourcecode.c.objc; name = AddItemTableViewCell.m; path = EditSet/AddItemTableViewCell.m; sourceTree = "<group>"; };
		551E91391EF707720091DB14 /* AddItemTableViewCell.xib */ = {isa = PBXFileReference; fileEncoding = 4; lastKnownFileType = file.xib; name = AddItemTableViewCell.xib; path = EditSet/AddItemTableViewCell.xib; sourceTree = "<group>"; };
		552102751EF752FE00B8FF3A /* SelectedLanguagesTableViewController.h */ = {isa = PBXFileReference; fileEncoding = 4; lastKnownFileType = sourcecode.c.h; path = SelectedLanguagesTableViewController.h; sourceTree = "<group>"; };
		552102761EF752FE00B8FF3A /* SelectedLanguagesTableViewController.m */ = {isa = PBXFileReference; fileEncoding = 4; lastKnownFileType = sourcecode.c.objc; path = SelectedLanguagesTableViewController.m; sourceTree = "<group>"; };
		552102781EF7530B00B8FF3A /* SelectLanguageTableViewController.h */ = {isa = PBXFileReference; fileEncoding = 4; lastKnownFileType = sourcecode.c.h; path = SelectLanguageTableViewController.h; sourceTree = "<group>"; };
		552102791EF7530B00B8FF3A /* SelectLanguageTableViewController.m */ = {isa = PBXFileReference; fileEncoding = 4; lastKnownFileType = sourcecode.c.objc; path = SelectLanguageTableViewController.m; sourceTree = "<group>"; };
		5521027C1EF7535E00B8FF3A /* Base */ = {isa = PBXFileReference; lastKnownFileType = file.storyboard; name = Base; path = Base.lproj/EditSet.storyboard; sourceTree = "<group>"; };
		5521027F1EF754E600B8FF3A /* SelectLanguageTableViewCell.h */ = {isa = PBXFileReference; fileEncoding = 4; lastKnownFileType = sourcecode.c.h; path = SelectLanguageTableViewCell.h; sourceTree = "<group>"; };
		552102801EF754E600B8FF3A /* SelectLanguageTableViewCell.m */ = {isa = PBXFileReference; fileEncoding = 4; lastKnownFileType = sourcecode.c.objc; path = SelectLanguageTableViewCell.m; sourceTree = "<group>"; };
		5525EE841EE3723E00206898 /* SetServiceProtocol.h */ = {isa = PBXFileReference; fileEncoding = 4; lastKnownFileType = sourcecode.c.h; path = SetServiceProtocol.h; sourceTree = "<group>"; };
		5525EE851EE3725100206898 /* SetService.h */ = {isa = PBXFileReference; fileEncoding = 4; lastKnownFileType = sourcecode.c.h; path = SetService.h; sourceTree = "<group>"; };
		5525EE861EE3725100206898 /* SetService.m */ = {isa = PBXFileReference; fileEncoding = 4; lastKnownFileType = sourcecode.c.objc; path = SetService.m; sourceTree = "<group>"; };
		5525EE881EE376AB00206898 /* BaseService.h */ = {isa = PBXFileReference; fileEncoding = 4; lastKnownFileType = sourcecode.c.h; path = BaseService.h; sourceTree = "<group>"; };
		5525EE891EE376AB00206898 /* BaseService.m */ = {isa = PBXFileReference; fileEncoding = 4; lastKnownFileType = sourcecode.c.objc; path = BaseService.m; sourceTree = "<group>"; };
		5525EE8C1EE38C1C00206898 /* SetMapper.h */ = {isa = PBXFileReference; fileEncoding = 4; lastKnownFileType = sourcecode.c.h; path = SetMapper.h; sourceTree = "<group>"; };
		5525EE8D1EE38C1C00206898 /* SetMapper.m */ = {isa = PBXFileReference; fileEncoding = 4; lastKnownFileType = sourcecode.c.objc; path = SetMapper.m; sourceTree = "<group>"; };
		5525EE8F1EE3918500206898 /* ItemOfSetMapper.h */ = {isa = PBXFileReference; fileEncoding = 4; lastKnownFileType = sourcecode.c.h; path = ItemOfSetMapper.h; sourceTree = "<group>"; };
		5525EE901EE3918500206898 /* ItemOfSetMapper.m */ = {isa = PBXFileReference; fileEncoding = 4; lastKnownFileType = sourcecode.c.objc; path = ItemOfSetMapper.m; sourceTree = "<group>"; };
		553B24341EE7105800D51326 /* Entity.h */ = {isa = PBXFileReference; fileEncoding = 4; lastKnownFileType = sourcecode.c.h; path = Entity.h; sourceTree = "<group>"; };
		553B24351EE7105800D51326 /* Entity.m */ = {isa = PBXFileReference; fileEncoding = 4; lastKnownFileType = sourcecode.c.objc; path = Entity.m; sourceTree = "<group>"; };
		55501CA11EFC7815007B732C /* LearnSettingsTableViewController.h */ = {isa = PBXFileReference; fileEncoding = 4; lastKnownFileType = sourcecode.c.h; path = LearnSettingsTableViewController.h; sourceTree = "<group>"; };
		55501CA21EFC7815007B732C /* LearnSettingsTableViewController.m */ = {isa = PBXFileReference; fileEncoding = 4; lastKnownFileType = sourcecode.c.objc; path = LearnSettingsTableViewController.m; sourceTree = "<group>"; };
		55501CA41EFC7967007B732C /* UserDefaultsServiceProtocol.h */ = {isa = PBXFileReference; fileEncoding = 4; lastKnownFileType = sourcecode.c.h; path = UserDefaultsServiceProtocol.h; sourceTree = "<group>"; };
		55501CA51EFC79B5007B732C /* UserDefaultsService.h */ = {isa = PBXFileReference; fileEncoding = 4; lastKnownFileType = sourcecode.c.h; path = UserDefaultsService.h; sourceTree = "<group>"; };
		55501CA61EFC79B5007B732C /* UserDefaultsService.m */ = {isa = PBXFileReference; fileEncoding = 4; lastKnownFileType = sourcecode.c.objc; path = UserDefaultsService.m; sourceTree = "<group>"; };
		558D15331ED91E100055C2DE /* Info.plist */ = {isa = PBXFileReference; lastKnownFileType = text.plist.xml; path = Info.plist; sourceTree = "<group>"; };
		559094271EDEF53A00BE4500 /* User.h */ = {isa = PBXFileReference; fileEncoding = 4; lastKnownFileType = sourcecode.c.h; path = User.h; sourceTree = "<group>"; };
		559094281EDEF53A00BE4500 /* User.m */ = {isa = PBXFileReference; fileEncoding = 4; lastKnownFileType = sourcecode.c.objc; path = User.m; sourceTree = "<group>"; };
		559094301EDF009700BE4500 /* GoogleService-Info.plist */ = {isa = PBXFileReference; fileEncoding = 4; lastKnownFileType = text.plist.xml; path = "GoogleService-Info.plist"; sourceTree = "<group>"; };
		55A5EEE51EF9C58900DFFC2D /* SpeechServiceProtocol.h */ = {isa = PBXFileReference; fileEncoding = 4; lastKnownFileType = sourcecode.c.h; path = SpeechServiceProtocol.h; sourceTree = "<group>"; };
		55A5EEE61EF9C68800DFFC2D /* SpeechService.h */ = {isa = PBXFileReference; fileEncoding = 4; lastKnownFileType = sourcecode.c.h; path = SpeechService.h; sourceTree = "<group>"; };
		55A5EEE71EF9C68800DFFC2D /* SpeechService.m */ = {isa = PBXFileReference; fileEncoding = 4; lastKnownFileType = sourcecode.c.objc; path = SpeechService.m; sourceTree = "<group>"; };
		55AA02941EF9BC2C00D7CF01 /* Assets.xcassets */ = {isa = PBXFileReference; lastKnownFileType = folder.assetcatalog; path = Assets.xcassets; sourceTree = "<group>"; };
		55B3E1691F016AD4003961E3 /* AlertPresenterProtocol.h */ = {isa = PBXFileReference; fileEncoding = 4; lastKnownFileType = sourcecode.c.h; path = AlertPresenterProtocol.h; sourceTree = "<group>"; };
		55B3E16A1F016AEC003961E3 /* AlertPresenter.h */ = {isa = PBXFileReference; fileEncoding = 4; lastKnownFileType = sourcecode.c.h; path = AlertPresenter.h; sourceTree = "<group>"; };
		55B3E16B1F016AEC003961E3 /* AlertPresenter.m */ = {isa = PBXFileReference; fileEncoding = 4; lastKnownFileType = sourcecode.c.objc; path = AlertPresenter.m; sourceTree = "<group>"; };
		55B3E1701F01F03E003961E3 /* FeatureView.h */ = {isa = PBXFileReference; fileEncoding = 4; lastKnownFileType = sourcecode.c.h; path = FeatureView.h; sourceTree = "<group>"; };
		55B3E1711F01F03E003961E3 /* FeatureView.m */ = {isa = PBXFileReference; fileEncoding = 4; lastKnownFileType = sourcecode.c.objc; path = FeatureView.m; sourceTree = "<group>"; };
		55B3E1731F01F049003961E3 /* FeatureView.xib */ = {isa = PBXFileReference; fileEncoding = 4; lastKnownFileType = file.xib; path = FeatureView.xib; sourceTree = "<group>"; };
		55B3E1751F01F284003961E3 /* Feature.h */ = {isa = PBXFileReference; fileEncoding = 4; lastKnownFileType = sourcecode.c.h; path = Feature.h; sourceTree = "<group>"; };
		55B3E1761F01F284003961E3 /* Feature.m */ = {isa = PBXFileReference; fileEncoding = 4; lastKnownFileType = sourcecode.c.objc; path = Feature.m; sourceTree = "<group>"; };
		55BAE1281EDF8B4B00F1CBEE /* AuthServiceProtocol.h */ = {isa = PBXFileReference; fileEncoding = 4; lastKnownFileType = sourcecode.c.h; path = AuthServiceProtocol.h; sourceTree = "<group>"; };
		55BAE12A1EDF8D6D00F1CBEE /* AuthService.h */ = {isa = PBXFileReference; fileEncoding = 4; lastKnownFileType = sourcecode.c.h; path = AuthService.h; sourceTree = "<group>"; };
		55BAE12B1EDF8D6D00F1CBEE /* AuthService.m */ = {isa = PBXFileReference; fileEncoding = 4; lastKnownFileType = sourcecode.c.objc; path = AuthService.m; sourceTree = "<group>"; };
		55BAE12D1EDF928100F1CBEE /* TransportLayer.h */ = {isa = PBXFileReference; fileEncoding = 4; lastKnownFileType = sourcecode.c.h; path = TransportLayer.h; sourceTree = "<group>"; };
		55BAE12E1EDF928100F1CBEE /* TransportLayer.m */ = {isa = PBXFileReference; fileEncoding = 4; lastKnownFileType = sourcecode.c.objc; path = TransportLayer.m; sourceTree = "<group>"; };
		55BAE1311EE088D100F1CBEE /* ServiceLocator.h */ = {isa = PBXFileReference; fileEncoding = 4; lastKnownFileType = sourcecode.c.h; path = ServiceLocator.h; sourceTree = "<group>"; };
		55BAE1321EE088D100F1CBEE /* ServiceLocator.m */ = {isa = PBXFileReference; fileEncoding = 4; lastKnownFileType = sourcecode.c.objc; path = ServiceLocator.m; sourceTree = "<group>"; };
		55BAE1371EE0894600F1CBEE /* ServiceFactoryProtocol.h */ = {isa = PBXFileReference; fileEncoding = 4; lastKnownFileType = sourcecode.c.h; path = ServiceFactoryProtocol.h; sourceTree = "<group>"; };
		55BAE1381EE08EE600F1CBEE /* RemoteServiceFactory.h */ = {isa = PBXFileReference; fileEncoding = 4; lastKnownFileType = sourcecode.c.h; path = RemoteServiceFactory.h; sourceTree = "<group>"; };
		55BAE1391EE08EE600F1CBEE /* RemoteServiceFactory.m */ = {isa = PBXFileReference; fileEncoding = 4; lastKnownFileType = sourcecode.c.objc; path = RemoteServiceFactory.m; sourceTree = "<group>"; };
		55BAE13B1EE09C7000F1CBEE /* Assembly.h */ = {isa = PBXFileReference; fileEncoding = 4; lastKnownFileType = sourcecode.c.h; path = Assembly.h; sourceTree = "<group>"; };
		55BAE13C1EE09C7000F1CBEE /* Assembly.m */ = {isa = PBXFileReference; fileEncoding = 4; lastKnownFileType = sourcecode.c.objc; path = Assembly.m; sourceTree = "<group>"; };
		55BAE13F1EE09E0900F1CBEE /* LogInTableViewController.h */ = {isa = PBXFileReference; fileEncoding = 4; lastKnownFileType = sourcecode.c.h; path = LogInTableViewController.h; sourceTree = "<group>"; };
		55BAE1401EE09E0900F1CBEE /* LogInTableViewController.m */ = {isa = PBXFileReference; fileEncoding = 4; lastKnownFileType = sourcecode.c.objc; path = LogInTableViewController.m; sourceTree = "<group>"; };
		55BAE1411EE09E0900F1CBEE /* SignUpTableViewController.h */ = {isa = PBXFileReference; fileEncoding = 4; lastKnownFileType = sourcecode.c.h; path = SignUpTableViewController.h; sourceTree = "<group>"; };
		55BAE1421EE09E0900F1CBEE /* SignUpTableViewController.m */ = {isa = PBXFileReference; fileEncoding = 4; lastKnownFileType = sourcecode.c.objc; path = SignUpTableViewController.m; sourceTree = "<group>"; };
		55BAE1431EE09E0900F1CBEE /* WelcomeViewController.h */ = {isa = PBXFileReference; fileEncoding = 4; lastKnownFileType = sourcecode.c.h; path = WelcomeViewController.h; sourceTree = "<group>"; };
		55BAE1441EE09E0900F1CBEE /* WelcomeViewController.m */ = {isa = PBXFileReference; fileEncoding = 4; lastKnownFileType = sourcecode.c.objc; path = WelcomeViewController.m; sourceTree = "<group>"; };
		55BE2D2E1F054DDA00866DD7 /* Memento.xcdatamodel */ = {isa = PBXFileReference; lastKnownFileType = wrapper.xcdatamodel; path = Memento.xcdatamodel; sourceTree = "<group>"; };
		55D34ED51EBA906500A2EE38 /* Memento.app */ = {isa = PBXFileReference; explicitFileType = wrapper.application; includeInIndex = 0; path = Memento.app; sourceTree = BUILT_PRODUCTS_DIR; };
		55D34ED91EBA906500A2EE38 /* main.m */ = {isa = PBXFileReference; lastKnownFileType = sourcecode.c.objc; path = main.m; sourceTree = "<group>"; };
		55D34EDB1EBA906500A2EE38 /* AppDelegate.h */ = {isa = PBXFileReference; lastKnownFileType = sourcecode.c.h; path = AppDelegate.h; sourceTree = "<group>"; };
		55D34EDC1EBA906500A2EE38 /* AppDelegate.m */ = {isa = PBXFileReference; lastKnownFileType = sourcecode.c.objc; path = AppDelegate.m; sourceTree = "<group>"; };
		55D34EE21EBA906500A2EE38 /* Base */ = {isa = PBXFileReference; lastKnownFileType = file.storyboard; name = Base; path = Base.lproj/Main.storyboard; sourceTree = "<group>"; };
		55D34EE71EBA906500A2EE38 /* Base */ = {isa = PBXFileReference; lastKnownFileType = file.storyboard; name = Base; path = Base.lproj/LaunchScreen.storyboard; sourceTree = "<group>"; };
		55DD03441ED919FA00BDA097 /* UIColor+PickerColors.h */ = {isa = PBXFileReference; fileEncoding = 4; lastKnownFileType = sourcecode.c.h; path = "UIColor+PickerColors.h"; sourceTree = "<group>"; };
		55DD03451ED919FA00BDA097 /* UIColor+PickerColors.m */ = {isa = PBXFileReference; fileEncoding = 4; lastKnownFileType = sourcecode.c.objc; path = "UIColor+PickerColors.m"; sourceTree = "<group>"; };
		55DD03461ED919FA00BDA097 /* UITableView+GettingIndexPath.h */ = {isa = PBXFileReference; fileEncoding = 4; lastKnownFileType = sourcecode.c.h; path = "UITableView+GettingIndexPath.h"; sourceTree = "<group>"; };
		55DD03471ED919FA00BDA097 /* UITableView+GettingIndexPath.m */ = {isa = PBXFileReference; fileEncoding = 4; lastKnownFileType = sourcecode.c.objc; path = "UITableView+GettingIndexPath.m"; sourceTree = "<group>"; };
		55DD034A1ED91A3200BDA097 /* NSMutableArray+Shuffle.h */ = {isa = PBXFileReference; fileEncoding = 4; lastKnownFileType = sourcecode.c.h; path = "NSMutableArray+Shuffle.h"; sourceTree = "<group>"; };
		55DD034B1ED91A3200BDA097 /* NSMutableArray+Shuffle.m */ = {isa = PBXFileReference; fileEncoding = 4; lastKnownFileType = sourcecode.c.objc; path = "NSMutableArray+Shuffle.m"; sourceTree = "<group>"; };
		55E181AE1EE43B1700C1313D /* BaseMapper.h */ = {isa = PBXFileReference; fileEncoding = 4; lastKnownFileType = sourcecode.c.h; path = BaseMapper.h; sourceTree = "<group>"; };
		55E181AF1EE43B1700C1313D /* BaseMapper.m */ = {isa = PBXFileReference; fileEncoding = 4; lastKnownFileType = sourcecode.c.objc; path = BaseMapper.m; sourceTree = "<group>"; };
		55E181B11EE4441500C1313D /* Auth.storyboard */ = {isa = PBXFileReference; fileEncoding = 4; lastKnownFileType = file.storyboard; path = Auth.storyboard; sourceTree = "<group>"; };
		55E181B31EE46B0E00C1313D /* UserServiceProtocol.h */ = {isa = PBXFileReference; fileEncoding = 4; lastKnownFileType = sourcecode.c.h; path = UserServiceProtocol.h; sourceTree = "<group>"; };
		55E181B41EE470AC00C1313D /* UserService.h */ = {isa = PBXFileReference; fileEncoding = 4; lastKnownFileType = sourcecode.c.h; path = UserService.h; sourceTree = "<group>"; };
		55E181B51EE470AC00C1313D /* UserService.m */ = {isa = PBXFileReference; fileEncoding = 4; lastKnownFileType = sourcecode.c.objc; path = UserService.m; sourceTree = "<group>"; };
		55E181B71EE4723200C1313D /* UserMapper.h */ = {isa = PBXFileReference; fileEncoding = 4; lastKnownFileType = sourcecode.c.h; path = UserMapper.h; sourceTree = "<group>"; };
		55E181B81EE4723200C1313D /* UserMapper.m */ = {isa = PBXFileReference; fileEncoding = 4; lastKnownFileType = sourcecode.c.objc; path = UserMapper.m; sourceTree = "<group>"; };
		55E181BF1EE4B45400C1313D /* ItemOfSetTableViewCell.h */ = {isa = PBXFileReference; fileEncoding = 4; lastKnownFileType = sourcecode.c.h; path = ItemOfSetTableViewCell.h; sourceTree = "<group>"; };
		55E181C01EE4B45400C1313D /* ItemOfSetTableViewCell.m */ = {isa = PBXFileReference; fileEncoding = 4; lastKnownFileType = sourcecode.c.objc; path = ItemOfSetTableViewCell.m; sourceTree = "<group>"; };
		55E181C11EE4B45400C1313D /* ItemOfSetTableViewCell.xib */ = {isa = PBXFileReference; fileEncoding = 4; lastKnownFileType = file.xib; path = ItemOfSetTableViewCell.xib; sourceTree = "<group>"; };
		55FDE9EB1F030567007DEFD1 /* AlertFactoryProtocol.h */ = {isa = PBXFileReference; fileEncoding = 4; lastKnownFileType = sourcecode.c.h; path = AlertFactoryProtocol.h; sourceTree = "<group>"; };
		55FDE9EC1F030593007DEFD1 /* AlertFactory.h */ = {isa = PBXFileReference; fileEncoding = 4; lastKnownFileType = sourcecode.c.h; path = AlertFactory.h; sourceTree = "<group>"; };
		55FDE9ED1F030593007DEFD1 /* AlertFactory.m */ = {isa = PBXFileReference; fileEncoding = 4; lastKnownFileType = sourcecode.c.objc; path = AlertFactory.m; sourceTree = "<group>"; };
		F9F8122E197F931FE908B655 /* Pods-Memento.debug.xcconfig */ = {isa = PBXFileReference; includeInIndex = 1; lastKnownFileType = text.xcconfig; name = "Pods-Memento.debug.xcconfig"; path = "Pods/Target Support Files/Pods-Memento/Pods-Memento.debug.xcconfig"; sourceTree = "<group>"; };
/* End PBXFileReference section */

/* Begin PBXFrameworksBuildPhase section */
		55D34ED21EBA906500A2EE38 /* Frameworks */ = {
			isa = PBXFrameworksBuildPhase;
			buildActionMask = 2147483647;
			files = (
				2D39C1363509CDDBF57D9FDF /* Pods_Memento.framework in Frameworks */,
			);
			runOnlyForDeploymentPostprocessing = 0;
		};
/* End PBXFrameworksBuildPhase section */

/* Begin PBXGroup section */
		5508B9291ED916A600526200 /* Organizers */ = {
			isa = PBXGroup;
			children = (
				5508B9321ED916A600526200 /* OrganizerProtocol.h */,
				5508B92A1ED916A600526200 /* LearnMode */,
				5508B92E1ED916A600526200 /* MatchMode */,
			);
			path = Organizers;
			sourceTree = "<group>";
		};
		5508B92A1ED916A600526200 /* LearnMode */ = {
			isa = PBXGroup;
			children = (
				5508B92D1ED916A600526200 /* LearnOrganizerProtocol.h */,
				5508B92B1ED916A600526200 /* LearnOrganizer.h */,
				5508B92C1ED916A600526200 /* LearnOrganizer.m */,
			);
			path = LearnMode;
			sourceTree = "<group>";
		};
		5508B92E1ED916A600526200 /* MatchMode */ = {
			isa = PBXGroup;
			children = (
				5508B9311ED916A600526200 /* MatchOrganizerProtocol.h */,
				5508B92F1ED916A600526200 /* MatchOrganizer.h */,
				5508B9301ED916A600526200 /* MatchOrganizer.m */,
			);
			path = MatchMode;
			sourceTree = "<group>";
		};
		5508B9351ED9176B00526200 /* Controllers */ = {
			isa = PBXGroup;
			children = (
				55BAE13E1EE09DBA00F1CBEE /* Auth */,
				552102741EF752D100B8FF3A /* EditSet */,
				5508B9381ED9176B00526200 /* DetailSetTableViewController.h */,
				5508B9391ED9176B00526200 /* DetailSetTableViewController.m */,
				5508B93A1ED9176B00526200 /* LearnMode */,
				5508B93F1ED9176B00526200 /* MatchMode */,
				5508B9441ED9176B00526200 /* SetsViewController.h */,
				5508B9451ED9176B00526200 /* SetsViewController.m */,
				5513ED021EE9CCAC00E2611B /* Settings */,
			);
			path = Controllers;
			sourceTree = "<group>";
		};
		5508B93A1ED9176B00526200 /* LearnMode */ = {
			isa = PBXGroup;
			children = (
				5508B93B1ED9176B00526200 /* LearnRoundInfoTableViewController.h */,
				5508B93C1ED9176B00526200 /* LearnRoundInfoTableViewController.m */,
				5508B93D1ED9176B00526200 /* LearnRoundViewController.h */,
				5508B93E1ED9176B00526200 /* LearnRoundViewController.m */,
				55501CA11EFC7815007B732C /* LearnSettingsTableViewController.h */,
				55501CA21EFC7815007B732C /* LearnSettingsTableViewController.m */,
			);
			path = LearnMode;
			sourceTree = "<group>";
		};
		5508B93F1ED9176B00526200 /* MatchMode */ = {
			isa = PBXGroup;
			children = (
				5508B9401ED9176B00526200 /* MatchItemsCollectionViewController.h */,
				5508B9411ED9176B00526200 /* MatchItemsCollectionViewController.m */,
				5508B9421ED9176B00526200 /* MatchPrepareViewController.h */,
				5508B9431ED9176B00526200 /* MatchPrepareViewController.m */,
			);
			path = MatchMode;
			sourceTree = "<group>";
		};
		5508B94D1ED9184B00526200 /* View */ = {
			isa = PBXGroup;
			children = (
				5508B94E1ED9184B00526200 /* Circle.h */,
				5508B94F1ED9184B00526200 /* Circle.m */,
				5508B9501ED9184B00526200 /* ItemLabel.h */,
				5508B9511ED9184B00526200 /* ItemLabel.m */,
				5508B9521ED9184B00526200 /* ItemOfMatchCollectionViewCell.h */,
				5508B9531ED9184B00526200 /* ItemOfMatchCollectionViewCell.m */,
				5521027E1EF7547E00B8FF3A /* EditSet */,
				5508B9571ED9184B00526200 /* LearnMode */,
				55B3E1701F01F03E003961E3 /* FeatureView.h */,
				55B3E1711F01F03E003961E3 /* FeatureView.m */,
				55B3E1731F01F049003961E3 /* FeatureView.xib */,
			);
			path = View;
			sourceTree = "<group>";
		};
		5508B9571ED9184B00526200 /* LearnMode */ = {
			isa = PBXGroup;
			children = (
				5508B9581ED9184B00526200 /* LearnProgressStackView.h */,
				5508B9591ED9184B00526200 /* LearnProgressStackView.m */,
				5508B95A1ED9184B00526200 /* LearnRoundInfoHeader.h */,
				5508B95B1ED9184B00526200 /* LearnRoundInfoHeader.m */,
				5508B95C1ED9184B00526200 /* LearnRoundInfoHeader.xib */,
				5508B95F1ED9184B00526200 /* SetTableViewCell.h */,
				5508B9601ED9184B00526200 /* SetTableViewCell.m */,
			);
			path = LearnMode;
			sourceTree = "<group>";
		};
		5508B96B1ED9186300526200 /* Model */ = {
			isa = PBXGroup;
			children = (
				5508B96D1ED9186300526200 /* ItemOfSet.h */,
				5508B96E1ED9186300526200 /* ItemOfSet.m */,
				5508B96F1ED9186300526200 /* Set.h */,
				5508B9701ED9186300526200 /* Set.m */,
				559094271EDEF53A00BE4500 /* User.h */,
				559094281EDEF53A00BE4500 /* User.m */,
				553B24341EE7105800D51326 /* Entity.h */,
				553B24351EE7105800D51326 /* Entity.m */,
				55B3E1751F01F284003961E3 /* Feature.h */,
				55B3E1761F01F284003961E3 /* Feature.m */,
			);
			path = Model;
			sourceTree = "<group>";
		};
		5513ED021EE9CCAC00E2611B /* Settings */ = {
			isa = PBXGroup;
			children = (
				5513ED031EE9CCB400E2611B /* SettingsTableViewController.h */,
				5513ED041EE9CCB400E2611B /* SettingsTableViewController.m */,
				5513ED061EE9CCC300E2611B /* PasswordSettingTableViewController.h */,
				5513ED071EE9CCC300E2611B /* PasswordSettingTableViewController.m */,
				5513ED091EE9CD3F00E2611B /* EmailSettingTableViewController.h */,
				5513ED0A1EE9CD3F00E2611B /* EmailSettingTableViewController.m */,
			);
			path = Settings;
			sourceTree = "<group>";
		};
		552102741EF752D100B8FF3A /* EditSet */ = {
			isa = PBXGroup;
			children = (
				5508B9361ED9176B00526200 /* EditSetTableViewController.h */,
				5508B9371ED9176B00526200 /* EditSetTableViewController.m */,
				552102751EF752FE00B8FF3A /* SelectedLanguagesTableViewController.h */,
				552102761EF752FE00B8FF3A /* SelectedLanguagesTableViewController.m */,
				552102781EF7530B00B8FF3A /* SelectLanguageTableViewController.h */,
				552102791EF7530B00B8FF3A /* SelectLanguageTableViewController.m */,
			);
			name = EditSet;
			sourceTree = "<group>";
		};
		5521027E1EF7547E00B8FF3A /* EditSet */ = {
			isa = PBXGroup;
			children = (
				55E181BF1EE4B45400C1313D /* ItemOfSetTableViewCell.h */,
				55E181C01EE4B45400C1313D /* ItemOfSetTableViewCell.m */,
				55E181C11EE4B45400C1313D /* ItemOfSetTableViewCell.xib */,
				551E912B1EF5E1B10091DB14 /* EditingItemOfSetTableViewCell.h */,
				551E912C1EF5E1B10091DB14 /* EditingItemOfSetTableViewCell.m */,
				551E912D1EF5E1B10091DB14 /* EditingItemOfSetTableViewCell.xib */,
				551E91301EF5E8120091DB14 /* EditingTextView.h */,
				551E91311EF5E8120091DB14 /* EditingTextView.m */,
				551E91371EF707720091DB14 /* AddItemTableViewCell.h */,
				551E91381EF707720091DB14 /* AddItemTableViewCell.m */,
				551E91391EF707720091DB14 /* AddItemTableViewCell.xib */,
				5521027F1EF754E600B8FF3A /* SelectLanguageTableViewCell.h */,
				552102801EF754E600B8FF3A /* SelectLanguageTableViewCell.m */,
			);
			name = EditSet;
			sourceTree = "<group>";
		};
		5525EE8B1EE38C0B00206898 /* Mappers */ = {
			isa = PBXGroup;
			children = (
				55E181AE1EE43B1700C1313D /* BaseMapper.h */,
				55E181AF1EE43B1700C1313D /* BaseMapper.m */,
				5525EE8C1EE38C1C00206898 /* SetMapper.h */,
				5525EE8D1EE38C1C00206898 /* SetMapper.m */,
				5525EE8F1EE3918500206898 /* ItemOfSetMapper.h */,
				5525EE901EE3918500206898 /* ItemOfSetMapper.m */,
				55E181B71EE4723200C1313D /* UserMapper.h */,
				55E181B81EE4723200C1313D /* UserMapper.m */,
			);
			path = Mappers;
			sourceTree = "<group>";
		};
		558C07FD1EECB3A10065D7D5 /* Helpers */ = {
			isa = PBXGroup;
			children = (
				55B3E1691F016AD4003961E3 /* AlertPresenterProtocol.h */,
				55B3E16A1F016AEC003961E3 /* AlertPresenter.h */,
				55B3E16B1F016AEC003961E3 /* AlertPresenter.m */,
				55FDE9EB1F030567007DEFD1 /* AlertFactoryProtocol.h */,
				55FDE9EC1F030593007DEFD1 /* AlertFactory.h */,
				55FDE9ED1F030593007DEFD1 /* AlertFactory.m */,
			);
			path = Helpers;
			sourceTree = "<group>";
		};
		55BAE1251EDF8B0B00F1CBEE /* ServiceLayer */ = {
			isa = PBXGroup;
			children = (
				558C07FD1EECB3A10065D7D5 /* Helpers */,
				5525EE8B1EE38C0B00206898 /* Mappers */,
				55BAE1301EE088BE00F1CBEE /* ServiceLocator */,
				55BAE1261EDF8B0B00F1CBEE /* Services */,
				55BAE1271EDF8B0B00F1CBEE /* Transport */,
			);
			path = ServiceLayer;
			sourceTree = "<group>";
		};
		55BAE1261EDF8B0B00F1CBEE /* Services */ = {
			isa = PBXGroup;
			children = (
				5525EE881EE376AB00206898 /* BaseService.h */,
				5525EE891EE376AB00206898 /* BaseService.m */,
				55BAE1281EDF8B4B00F1CBEE /* AuthServiceProtocol.h */,
				55BAE12A1EDF8D6D00F1CBEE /* AuthService.h */,
				55BAE12B1EDF8D6D00F1CBEE /* AuthService.m */,
				5525EE841EE3723E00206898 /* SetServiceProtocol.h */,
				5525EE851EE3725100206898 /* SetService.h */,
				5525EE861EE3725100206898 /* SetService.m */,
				55E181B31EE46B0E00C1313D /* UserServiceProtocol.h */,
				55E181B41EE470AC00C1313D /* UserService.h */,
				55E181B51EE470AC00C1313D /* UserService.m */,
				55A5EEE51EF9C58900DFFC2D /* SpeechServiceProtocol.h */,
				55A5EEE61EF9C68800DFFC2D /* SpeechService.h */,
				55A5EEE71EF9C68800DFFC2D /* SpeechService.m */,
				55501CA41EFC7967007B732C /* UserDefaultsServiceProtocol.h */,
				55501CA51EFC79B5007B732C /* UserDefaultsService.h */,
				55501CA61EFC79B5007B732C /* UserDefaultsService.m */,
			);
			path = Services;
			sourceTree = "<group>";
		};
		55BAE1271EDF8B0B00F1CBEE /* Transport */ = {
			isa = PBXGroup;
			children = (
				55BAE12D1EDF928100F1CBEE /* TransportLayer.h */,
				55BAE12E1EDF928100F1CBEE /* TransportLayer.m */,
			);
			path = Transport;
			sourceTree = "<group>";
		};
		55BAE1301EE088BE00F1CBEE /* ServiceLocator */ = {
			isa = PBXGroup;
			children = (
				55BAE1311EE088D100F1CBEE /* ServiceLocator.h */,
				55BAE1321EE088D100F1CBEE /* ServiceLocator.m */,
				55BAE1371EE0894600F1CBEE /* ServiceFactoryProtocol.h */,
				55BAE1381EE08EE600F1CBEE /* RemoteServiceFactory.h */,
				55BAE1391EE08EE600F1CBEE /* RemoteServiceFactory.m */,
			);
			path = ServiceLocator;
			sourceTree = "<group>";
		};
		55BAE13E1EE09DBA00F1CBEE /* Auth */ = {
			isa = PBXGroup;
			children = (
				5513ECE51EE8C6C200E2611B /* AuthenticationDelegate.h */,
				55BAE1431EE09E0900F1CBEE /* WelcomeViewController.h */,
				55BAE1441EE09E0900F1CBEE /* WelcomeViewController.m */,
				55BAE1411EE09E0900F1CBEE /* SignUpTableViewController.h */,
				55BAE1421EE09E0900F1CBEE /* SignUpTableViewController.m */,
				55BAE13F1EE09E0900F1CBEE /* LogInTableViewController.h */,
				55BAE1401EE09E0900F1CBEE /* LogInTableViewController.m */,
			);
			path = Auth;
			sourceTree = "<group>";
		};
		55D34ECC1EBA906500A2EE38 = {
			isa = PBXGroup;
			children = (
				55BE2D2D1F054DDA00866DD7 /* Memento.xcdatamodeld */,
				55D34ED71EBA906500A2EE38 /* Memento */,
				55D34ED61EBA906500A2EE38 /* Products */,
				DB01291980CB7DB12BB46845 /* Pods */,
				BDA0333F43238702CD738697 /* Frameworks */,
			);
			sourceTree = "<group>";
		};
		55D34ED61EBA906500A2EE38 /* Products */ = {
			isa = PBXGroup;
			children = (
				55D34ED51EBA906500A2EE38 /* Memento.app */,
			);
			name = Products;
			sourceTree = "<group>";
		};
		55D34ED71EBA906500A2EE38 /* Memento */ = {
			isa = PBXGroup;
			children = (
				559094301EDF009700BE4500 /* GoogleService-Info.plist */,
				55E181B11EE4441500C1313D /* Auth.storyboard */,
				55D34EE11EBA906500A2EE38 /* Main.storyboard */,
				5521027B1EF7535E00B8FF3A /* EditSet.storyboard */,
				5513ECF91EE9BC7700E2611B /* Settings.storyboard */,
				55BAE1251EDF8B0B00F1CBEE /* ServiceLayer */,
				5508B96B1ED9186300526200 /* Model */,
				5508B94D1ED9184B00526200 /* View */,
				5508B9351ED9176B00526200 /* Controllers */,
				55D34ED81EBA906500A2EE38 /* Supporting Files */,
				5508B9291ED916A600526200 /* Organizers */,
				55DD03431ED919FA00BDA097 /* Categories */,
				55BAE13B1EE09C7000F1CBEE /* Assembly.h */,
				55BAE13C1EE09C7000F1CBEE /* Assembly.m */,
			);
			path = Memento;
			sourceTree = "<group>";
		};
		55D34ED81EBA906500A2EE38 /* Supporting Files */ = {
			isa = PBXGroup;
			children = (
				55AA02941EF9BC2C00D7CF01 /* Assets.xcassets */,
				558D15331ED91E100055C2DE /* Info.plist */,
				55D34EDB1EBA906500A2EE38 /* AppDelegate.h */,
				55D34EDC1EBA906500A2EE38 /* AppDelegate.m */,
				55D34EE61EBA906500A2EE38 /* LaunchScreen.storyboard */,
				55D34ED91EBA906500A2EE38 /* main.m */,
			);
			name = "Supporting Files";
			sourceTree = "<group>";
		};
		55DD03431ED919FA00BDA097 /* Categories */ = {
			isa = PBXGroup;
			children = (
				55DD03441ED919FA00BDA097 /* UIColor+PickerColors.h */,
				55DD03451ED919FA00BDA097 /* UIColor+PickerColors.m */,
				55DD03461ED919FA00BDA097 /* UITableView+GettingIndexPath.h */,
				55DD03471ED919FA00BDA097 /* UITableView+GettingIndexPath.m */,
				55DD034A1ED91A3200BDA097 /* NSMutableArray+Shuffle.h */,
				55DD034B1ED91A3200BDA097 /* NSMutableArray+Shuffle.m */,
			);
			path = Categories;
			sourceTree = "<group>";
		};
		BDA0333F43238702CD738697 /* Frameworks */ = {
			isa = PBXGroup;
			children = (
				535D42DE3A22028E3712CDFB /* Pods_Memento.framework */,
			);
			name = Frameworks;
			sourceTree = "<group>";
		};
		DB01291980CB7DB12BB46845 /* Pods */ = {
			isa = PBXGroup;
			children = (
				F9F8122E197F931FE908B655 /* Pods-Memento.debug.xcconfig */,
				03B1D7B40CEBC6BB37B0FDC3 /* Pods-Memento.release.xcconfig */,
			);
			name = Pods;
			sourceTree = "<group>";
		};
/* End PBXGroup section */

/* Begin PBXNativeTarget section */
		55D34ED41EBA906500A2EE38 /* Memento */ = {
			isa = PBXNativeTarget;
			buildConfigurationList = 55D34EEC1EBA906500A2EE38 /* Build configuration list for PBXNativeTarget "Memento" */;
			buildPhases = (
				856403433BD4A00A184B3A4E /* [CP] Check Pods Manifest.lock */,
				55D34ED11EBA906500A2EE38 /* Sources */,
				55D34ED21EBA906500A2EE38 /* Frameworks */,
				55D34ED31EBA906500A2EE38 /* Resources */,
				808491FCDC0BAE0D5D575798 /* [CP] Embed Pods Frameworks */,
				E6A0FB5A4A9ED40DD5CD68BC /* [CP] Copy Pods Resources */,
			);
			buildRules = (
			);
			dependencies = (
			);
			name = Memento;
			productName = Memento;
			productReference = 55D34ED51EBA906500A2EE38 /* Memento.app */;
			productType = "com.apple.product-type.application";
		};
/* End PBXNativeTarget section */

/* Begin PBXProject section */
		55D34ECD1EBA906500A2EE38 /* Project object */ = {
			isa = PBXProject;
			attributes = {
				LastUpgradeCheck = 0820;
				ORGANIZATIONNAME = "Andrey Morozov";
				TargetAttributes = {
					55D34ED41EBA906500A2EE38 = {
						CreatedOnToolsVersion = 8.2.1;
						DevelopmentTeam = 58CCZPCE6T;
						ProvisioningStyle = Automatic;
					};
				};
			};
			buildConfigurationList = 55D34ED01EBA906500A2EE38 /* Build configuration list for PBXProject "Memento" */;
			compatibilityVersion = "Xcode 3.2";
			developmentRegion = English;
			hasScannedForEncodings = 0;
			knownRegions = (
				en,
				Base,
			);
			mainGroup = 55D34ECC1EBA906500A2EE38;
			productRefGroup = 55D34ED61EBA906500A2EE38 /* Products */;
			projectDirPath = "";
			projectRoot = "";
			targets = (
				55D34ED41EBA906500A2EE38 /* Memento */,
			);
		};
/* End PBXProject section */

/* Begin PBXResourcesBuildPhase section */
		55D34ED31EBA906500A2EE38 /* Resources */ = {
			isa = PBXResourcesBuildPhase;
			buildActionMask = 2147483647;
			files = (
				55D34EE81EBA906500A2EE38 /* LaunchScreen.storyboard in Resources */,
				5508B9681ED9184B00526200 /* LearnRoundInfoHeader.xib in Resources */,
				55AA02951EF9BC2C00D7CF01 /* Assets.xcassets in Resources */,
				55E181B21EE4441500C1313D /* Auth.storyboard in Resources */,
				551E913B1EF707720091DB14 /* AddItemTableViewCell.xib in Resources */,
				55D34EE31EBA906500A2EE38 /* Main.storyboard in Resources */,
				55B3E1741F01F049003961E3 /* FeatureView.xib in Resources */,
				551E912F1EF5E1B10091DB14 /* EditingItemOfSetTableViewCell.xib in Resources */,
				5513ECFB1EE9BC7700E2611B /* Settings.storyboard in Resources */,
				55E181C31EE4B45400C1313D /* ItemOfSetTableViewCell.xib in Resources */,
				5521027D1EF7535E00B8FF3A /* EditSet.storyboard in Resources */,
				559094311EDF009700BE4500 /* GoogleService-Info.plist in Resources */,
			);
			runOnlyForDeploymentPostprocessing = 0;
		};
/* End PBXResourcesBuildPhase section */

/* Begin PBXShellScriptBuildPhase section */
		808491FCDC0BAE0D5D575798 /* [CP] Embed Pods Frameworks */ = {
			isa = PBXShellScriptBuildPhase;
			buildActionMask = 2147483647;
			files = (
			);
			inputPaths = (
			);
			name = "[CP] Embed Pods Frameworks";
			outputPaths = (
			);
			runOnlyForDeploymentPostprocessing = 0;
			shellPath = /bin/sh;
			shellScript = "\"${SRCROOT}/Pods/Target Support Files/Pods-Memento/Pods-Memento-frameworks.sh\"\n";
			showEnvVarsInLog = 0;
		};
		856403433BD4A00A184B3A4E /* [CP] Check Pods Manifest.lock */ = {
			isa = PBXShellScriptBuildPhase;
			buildActionMask = 2147483647;
			files = (
			);
			inputPaths = (
			);
			name = "[CP] Check Pods Manifest.lock";
			outputPaths = (
			);
			runOnlyForDeploymentPostprocessing = 0;
			shellPath = /bin/sh;
			shellScript = "diff \"${PODS_ROOT}/../Podfile.lock\" \"${PODS_ROOT}/Manifest.lock\" > /dev/null\nif [ $? != 0 ] ; then\n    # print error to STDERR\n    echo \"error: The sandbox is not in sync with the Podfile.lock. Run 'pod install' or update your CocoaPods installation.\" >&2\n    exit 1\nfi\n";
			showEnvVarsInLog = 0;
		};
		E6A0FB5A4A9ED40DD5CD68BC /* [CP] Copy Pods Resources */ = {
			isa = PBXShellScriptBuildPhase;
			buildActionMask = 2147483647;
			files = (
			);
			inputPaths = (
			);
			name = "[CP] Copy Pods Resources";
			outputPaths = (
			);
			runOnlyForDeploymentPostprocessing = 0;
			shellPath = /bin/sh;
			shellScript = "\"${SRCROOT}/Pods/Target Support Files/Pods-Memento/Pods-Memento-resources.sh\"\n";
			showEnvVarsInLog = 0;
		};
/* End PBXShellScriptBuildPhase section */

/* Begin PBXSourcesBuildPhase section */
		55D34ED11EBA906500A2EE38 /* Sources */ = {
			isa = PBXSourcesBuildPhase;
			buildActionMask = 2147483647;
			files = (
				559094291EDEF53A00BE4500 /* User.m in Sources */,
				5508B9671ED9184B00526200 /* LearnRoundInfoHeader.m in Sources */,
				55DD03481ED919FA00BDA097 /* UIColor+PickerColors.m in Sources */,
				5513ED081EE9CCC300E2611B /* PasswordSettingTableViewController.m in Sources */,
				552102811EF754E600B8FF3A /* SelectLanguageTableViewCell.m in Sources */,
				5508B9341ED916A600526200 /* MatchOrganizer.m in Sources */,
				55BAE12C1EDF8D6D00F1CBEE /* AuthService.m in Sources */,
				553B24361EE7105800D51326 /* Entity.m in Sources */,
				5508B9471ED9176B00526200 /* DetailSetTableViewController.m in Sources */,
				5525EE871EE3725100206898 /* SetService.m in Sources */,
				5508B9621ED9184B00526200 /* ItemLabel.m in Sources */,
				55DD034C1ED91A3200BDA097 /* NSMutableArray+Shuffle.m in Sources */,
				5525EE8A1EE376AB00206898 /* BaseService.m in Sources */,
				5508B9331ED916A600526200 /* LearnOrganizer.m in Sources */,
				5508B9461ED9176B00526200 /* EditSetTableViewController.m in Sources */,
				55DD03491ED919FA00BDA097 /* UITableView+GettingIndexPath.m in Sources */,
				55501CA31EFC7815007B732C /* LearnSettingsTableViewController.m in Sources */,
				551E912E1EF5E1B10091DB14 /* EditingItemOfSetTableViewCell.m in Sources */,
				55B3E16C1F016AEC003961E3 /* AlertPresenter.m in Sources */,
				55E181C21EE4B45400C1313D /* ItemOfSetTableViewCell.m in Sources */,
				551E913A1EF707720091DB14 /* AddItemTableViewCell.m in Sources */,
				5508B94B1ED9176B00526200 /* MatchPrepareViewController.m in Sources */,
				55E181B01EE43B1700C1313D /* BaseMapper.m in Sources */,
				5508B96A1ED9184B00526200 /* SetTableViewCell.m in Sources */,
				5508B9491ED9176B00526200 /* LearnRoundViewController.m in Sources */,
				5508B9731ED9186300526200 /* Set.m in Sources */,
				55E181B91EE4723200C1313D /* UserMapper.m in Sources */,
				55E181B61EE470AC00C1313D /* UserService.m in Sources */,
				552102771EF752FE00B8FF3A /* SelectedLanguagesTableViewController.m in Sources */,
				551E91321EF5E8120091DB14 /* EditingTextView.m in Sources */,
				55BAE1331EE088D100F1CBEE /* ServiceLocator.m in Sources */,
				55FDE9EE1F030593007DEFD1 /* AlertFactory.m in Sources */,
				5525EE8E1EE38C1C00206898 /* SetMapper.m in Sources */,
				55BAE1471EE09E0900F1CBEE /* WelcomeViewController.m in Sources */,
				55501CA71EFC79B5007B732C /* UserDefaultsService.m in Sources */,
				55B3E1721F01F03E003961E3 /* FeatureView.m in Sources */,
				55BAE13A1EE08EE600F1CBEE /* RemoteServiceFactory.m in Sources */,
				5508B94C1ED9176B00526200 /* SetsViewController.m in Sources */,
				55BE2D2F1F054DDA00866DD7 /* Memento.xcdatamodeld in Sources */,
				5513ED0B1EE9CD3F00E2611B /* EmailSettingTableViewController.m in Sources */,
				55BAE1461EE09E0900F1CBEE /* SignUpTableViewController.m in Sources */,
				55B3E1771F01F284003961E3 /* Feature.m in Sources */,
				5508B9611ED9184B00526200 /* Circle.m in Sources */,
				5508B94A1ED9176B00526200 /* MatchItemsCollectionViewController.m in Sources */,
				55D34EDD1EBA906500A2EE38 /* AppDelegate.m in Sources */,
				55BAE1451EE09E0900F1CBEE /* LogInTableViewController.m in Sources */,
				5508B9661ED9184B00526200 /* LearnProgressStackView.m in Sources */,
				5525EE911EE3918500206898 /* ItemOfSetMapper.m in Sources */,
				55D34EDA1EBA906500A2EE38 /* main.m in Sources */,
				55A5EEE81EF9C68800DFFC2D /* SpeechService.m in Sources */,
				55BAE12F1EDF928100F1CBEE /* TransportLayer.m in Sources */,
				5508B9481ED9176B00526200 /* LearnRoundInfoTableViewController.m in Sources */,
				5521027A1EF7530B00B8FF3A /* SelectLanguageTableViewController.m in Sources */,
				55BAE13D1EE09C7000F1CBEE /* Assembly.m in Sources */,
				5513ED051EE9CCB400E2611B /* SettingsTableViewController.m in Sources */,
				5508B9631ED9184B00526200 /* ItemOfMatchCollectionViewCell.m in Sources */,
				5508B9721ED9186300526200 /* ItemOfSet.m in Sources */,
			);
			runOnlyForDeploymentPostprocessing = 0;
		};
/* End PBXSourcesBuildPhase section */

/* Begin PBXVariantGroup section */
		5513ECF91EE9BC7700E2611B /* Settings.storyboard */ = {
			isa = PBXVariantGroup;
			children = (
				5513ECFA1EE9BC7700E2611B /* Base */,
			);
			name = Settings.storyboard;
			sourceTree = "<group>";
		};
		5521027B1EF7535E00B8FF3A /* EditSet.storyboard */ = {
			isa = PBXVariantGroup;
			children = (
				5521027C1EF7535E00B8FF3A /* Base */,
			);
			name = EditSet.storyboard;
			sourceTree = "<group>";
		};
		55D34EE11EBA906500A2EE38 /* Main.storyboard */ = {
			isa = PBXVariantGroup;
			children = (
				55D34EE21EBA906500A2EE38 /* Base */,
			);
			name = Main.storyboard;
			sourceTree = "<group>";
		};
		55D34EE61EBA906500A2EE38 /* LaunchScreen.storyboard */ = {
			isa = PBXVariantGroup;
			children = (
				55D34EE71EBA906500A2EE38 /* Base */,
			);
			name = LaunchScreen.storyboard;
			sourceTree = "<group>";
		};
/* End PBXVariantGroup section */

/* Begin XCBuildConfiguration section */
		55D34EEA1EBA906500A2EE38 /* Debug */ = {
			isa = XCBuildConfiguration;
			buildSettings = {
				ALWAYS_SEARCH_USER_PATHS = NO;
				CLANG_ANALYZER_NONNULL = YES;
				CLANG_CXX_LANGUAGE_STANDARD = "gnu++0x";
				CLANG_CXX_LIBRARY = "libc++";
				CLANG_ENABLE_MODULES = YES;
				CLANG_ENABLE_OBJC_ARC = YES;
				CLANG_WARN_BOOL_CONVERSION = YES;
				CLANG_WARN_CONSTANT_CONVERSION = YES;
				CLANG_WARN_DIRECT_OBJC_ISA_USAGE = YES_ERROR;
				CLANG_WARN_DOCUMENTATION_COMMENTS = YES;
				CLANG_WARN_EMPTY_BODY = YES;
				CLANG_WARN_ENUM_CONVERSION = YES;
				CLANG_WARN_INFINITE_RECURSION = YES;
				CLANG_WARN_INT_CONVERSION = YES;
				CLANG_WARN_OBJC_ROOT_CLASS = YES_ERROR;
				CLANG_WARN_SUSPICIOUS_MOVE = YES;
				CLANG_WARN_UNREACHABLE_CODE = YES;
				CLANG_WARN__DUPLICATE_METHOD_MATCH = YES;
				"CODE_SIGN_IDENTITY[sdk=iphoneos*]" = "iPhone Developer";
				COPY_PHASE_STRIP = NO;
				DEBUG_INFORMATION_FORMAT = dwarf;
				ENABLE_STRICT_OBJC_MSGSEND = YES;
				ENABLE_TESTABILITY = YES;
				GCC_C_LANGUAGE_STANDARD = gnu99;
				GCC_DYNAMIC_NO_PIC = NO;
				GCC_NO_COMMON_BLOCKS = YES;
				GCC_OPTIMIZATION_LEVEL = 0;
				GCC_PREPROCESSOR_DEFINITIONS = (
					"DEBUG=1",
					"$(inherited)",
				);
				GCC_WARN_64_TO_32_BIT_CONVERSION = YES;
				GCC_WARN_ABOUT_RETURN_TYPE = YES_ERROR;
				GCC_WARN_UNDECLARED_SELECTOR = YES;
				GCC_WARN_UNINITIALIZED_AUTOS = YES_AGGRESSIVE;
				GCC_WARN_UNUSED_FUNCTION = YES;
				GCC_WARN_UNUSED_VARIABLE = YES;
				IPHONEOS_DEPLOYMENT_TARGET = 9.3;
				MTL_ENABLE_DEBUG_INFO = YES;
				ONLY_ACTIVE_ARCH = YES;
				SDKROOT = iphoneos;
			};
			name = Debug;
		};
		55D34EEB1EBA906500A2EE38 /* Release */ = {
			isa = XCBuildConfiguration;
			buildSettings = {
				ALWAYS_SEARCH_USER_PATHS = NO;
				CLANG_ANALYZER_NONNULL = YES;
				CLANG_CXX_LANGUAGE_STANDARD = "gnu++0x";
				CLANG_CXX_LIBRARY = "libc++";
				CLANG_ENABLE_MODULES = YES;
				CLANG_ENABLE_OBJC_ARC = YES;
				CLANG_WARN_BOOL_CONVERSION = YES;
				CLANG_WARN_CONSTANT_CONVERSION = YES;
				CLANG_WARN_DIRECT_OBJC_ISA_USAGE = YES_ERROR;
				CLANG_WARN_DOCUMENTATION_COMMENTS = YES;
				CLANG_WARN_EMPTY_BODY = YES;
				CLANG_WARN_ENUM_CONVERSION = YES;
				CLANG_WARN_INFINITE_RECURSION = YES;
				CLANG_WARN_INT_CONVERSION = YES;
				CLANG_WARN_OBJC_ROOT_CLASS = YES_ERROR;
				CLANG_WARN_SUSPICIOUS_MOVE = YES;
				CLANG_WARN_UNREACHABLE_CODE = YES;
				CLANG_WARN__DUPLICATE_METHOD_MATCH = YES;
				"CODE_SIGN_IDENTITY[sdk=iphoneos*]" = "iPhone Developer";
				COPY_PHASE_STRIP = NO;
				DEBUG_INFORMATION_FORMAT = "dwarf-with-dsym";
				ENABLE_NS_ASSERTIONS = NO;
				ENABLE_STRICT_OBJC_MSGSEND = YES;
				GCC_C_LANGUAGE_STANDARD = gnu99;
				GCC_NO_COMMON_BLOCKS = YES;
				GCC_WARN_64_TO_32_BIT_CONVERSION = YES;
				GCC_WARN_ABOUT_RETURN_TYPE = YES_ERROR;
				GCC_WARN_UNDECLARED_SELECTOR = YES;
				GCC_WARN_UNINITIALIZED_AUTOS = YES_AGGRESSIVE;
				GCC_WARN_UNUSED_FUNCTION = YES;
				GCC_WARN_UNUSED_VARIABLE = YES;
				IPHONEOS_DEPLOYMENT_TARGET = 9.3;
				MTL_ENABLE_DEBUG_INFO = NO;
				SDKROOT = iphoneos;
				VALIDATE_PRODUCT = YES;
			};
			name = Release;
		};
		55D34EED1EBA906500A2EE38 /* Debug */ = {
			isa = XCBuildConfiguration;
			baseConfigurationReference = F9F8122E197F931FE908B655 /* Pods-Memento.debug.xcconfig */;
			buildSettings = {
				ASSETCATALOG_COMPILER_APPICON_NAME = AppIcon;
				"CODE_SIGN_IDENTITY[sdk=iphoneos*]" = "iPhone Developer";
				DEVELOPMENT_TEAM = 58CCZPCE6T;
				INFOPLIST_FILE = Memento/Info.plist;
				IPHONEOS_DEPLOYMENT_TARGET = 9.3;
				LD_RUNPATH_SEARCH_PATHS = "$(inherited) @executable_path/Frameworks";
				PRODUCT_BUNDLE_IDENTIFIER = Jastic7.Memento;
				PRODUCT_NAME = "$(TARGET_NAME)";
			};
			name = Debug;
		};
		55D34EEE1EBA906500A2EE38 /* Release */ = {
			isa = XCBuildConfiguration;
			baseConfigurationReference = 03B1D7B40CEBC6BB37B0FDC3 /* Pods-Memento.release.xcconfig */;
			buildSettings = {
				ASSETCATALOG_COMPILER_APPICON_NAME = AppIcon;
				"CODE_SIGN_IDENTITY[sdk=iphoneos*]" = "iPhone Developer";
				DEVELOPMENT_TEAM = 58CCZPCE6T;
				INFOPLIST_FILE = Memento/Info.plist;
				IPHONEOS_DEPLOYMENT_TARGET = 9.3;
				LD_RUNPATH_SEARCH_PATHS = "$(inherited) @executable_path/Frameworks";
				PRODUCT_BUNDLE_IDENTIFIER = Jastic7.Memento;
				PRODUCT_NAME = "$(TARGET_NAME)";
			};
			name = Release;
		};
/* End XCBuildConfiguration section */

/* Begin XCConfigurationList section */
		55D34ED01EBA906500A2EE38 /* Build configuration list for PBXProject "Memento" */ = {
			isa = XCConfigurationList;
			buildConfigurations = (
				55D34EEA1EBA906500A2EE38 /* Debug */,
				55D34EEB1EBA906500A2EE38 /* Release */,
			);
			defaultConfigurationIsVisible = 0;
			defaultConfigurationName = Release;
		};
		55D34EEC1EBA906500A2EE38 /* Build configuration list for PBXNativeTarget "Memento" */ = {
			isa = XCConfigurationList;
			buildConfigurations = (
				55D34EED1EBA906500A2EE38 /* Debug */,
				55D34EEE1EBA906500A2EE38 /* Release */,
			);
			defaultConfigurationIsVisible = 0;
			defaultConfigurationName = Release;
		};
/* End XCConfigurationList section */

/* Begin XCVersionGroup section */
		55BE2D2D1F054DDA00866DD7 /* Memento.xcdatamodeld */ = {
			isa = XCVersionGroup;
			children = (
				55BE2D2E1F054DDA00866DD7 /* Memento.xcdatamodel */,
			);
			currentVersion = 55BE2D2E1F054DDA00866DD7 /* Memento.xcdatamodel */;
			path = Memento.xcdatamodeld;
			sourceTree = "<group>";
			versionGroupType = wrapper.xcdatamodel;
		};
/* End XCVersionGroup section */
	};
	rootObject = 55D34ECD1EBA906500A2EE38 /* Project object */;
}
