// !$*UTF8*$!
{
	archiveVersion = 1;
	classes = {
	};
	objectVersion = 46;
	objects = {

/* Begin PBXBuildFile section */
		5508B9331ED916A600526200 /* LearnOrganizer.m in Sources */ = {isa = PBXBuildFile; fileRef = 5508B92C1ED916A600526200 /* LearnOrganizer.m */; };
		5508B9341ED916A600526200 /* MatchOrganizer.m in Sources */ = {isa = PBXBuildFile; fileRef = 5508B9301ED916A600526200 /* MatchOrganizer.m */; };
		5508B9461ED9176B00526200 /* CreateSetTableViewController.m in Sources */ = {isa = PBXBuildFile; fileRef = 5508B9371ED9176B00526200 /* CreateSetTableViewController.m */; };
		5508B9471ED9176B00526200 /* DetailSetTableViewController.m in Sources */ = {isa = PBXBuildFile; fileRef = 5508B9391ED9176B00526200 /* DetailSetTableViewController.m */; };
		5508B9481ED9176B00526200 /* LearnRoundInfoTableViewController.m in Sources */ = {isa = PBXBuildFile; fileRef = 5508B93C1ED9176B00526200 /* LearnRoundInfoTableViewController.m */; };
		5508B9491ED9176B00526200 /* LearnRoundViewController.m in Sources */ = {isa = PBXBuildFile; fileRef = 5508B93E1ED9176B00526200 /* LearnRoundViewController.m */; };
		5508B94A1ED9176B00526200 /* MatchItemsCollectionViewController.m in Sources */ = {isa = PBXBuildFile; fileRef = 5508B9411ED9176B00526200 /* MatchItemsCollectionViewController.m */; };
		5508B94B1ED9176B00526200 /* MatchPrepareViewController.m in Sources */ = {isa = PBXBuildFile; fileRef = 5508B9431ED9176B00526200 /* MatchPrepareViewController.m */; };
		5508B94C1ED9176B00526200 /* SetsViewController.m in Sources */ = {isa = PBXBuildFile; fileRef = 5508B9451ED9176B00526200 /* SetsViewController.m */; };
		5508B9611ED9184B00526200 /* Circle.m in Sources */ = {isa = PBXBuildFile; fileRef = 5508B94F1ED9184B00526200 /* Circle.m */; };
		5508B9621ED9184B00526200 /* ItemLabel.m in Sources */ = {isa = PBXBuildFile; fileRef = 5508B9511ED9184B00526200 /* ItemLabel.m */; };
		5508B9631ED9184B00526200 /* ItemOfMatchCollectionViewCell.m in Sources */ = {isa = PBXBuildFile; fileRef = 5508B9531ED9184B00526200 /* ItemOfMatchCollectionViewCell.m */; };
		5508B9641ED9184B00526200 /* ItemOfSetTableViewCell.m in Sources */ = {isa = PBXBuildFile; fileRef = 5508B9551ED9184B00526200 /* ItemOfSetTableViewCell.m */; };
		5508B9651ED9184B00526200 /* ItemOfSetTableViewCell.xib in Resources */ = {isa = PBXBuildFile; fileRef = 5508B9561ED9184B00526200 /* ItemOfSetTableViewCell.xib */; };
		5508B9661ED9184B00526200 /* LearnProgressStackView.m in Sources */ = {isa = PBXBuildFile; fileRef = 5508B9591ED9184B00526200 /* LearnProgressStackView.m */; };
		5508B9671ED9184B00526200 /* LearnRoundInfoHeader.m in Sources */ = {isa = PBXBuildFile; fileRef = 5508B95B1ED9184B00526200 /* LearnRoundInfoHeader.m */; };
		5508B9681ED9184B00526200 /* LearnRoundInfoHeader.xib in Resources */ = {isa = PBXBuildFile; fileRef = 5508B95C1ED9184B00526200 /* LearnRoundInfoHeader.xib */; };
		5508B9691ED9184B00526200 /* LearnRoundInfoTableViewCell.m in Sources */ = {isa = PBXBuildFile; fileRef = 5508B95E1ED9184B00526200 /* LearnRoundInfoTableViewCell.m */; };
		5508B96A1ED9184B00526200 /* SetTableViewCell.m in Sources */ = {isa = PBXBuildFile; fileRef = 5508B9601ED9184B00526200 /* SetTableViewCell.m */; };
		5508B9721ED9186300526200 /* ItemOfSet.m in Sources */ = {isa = PBXBuildFile; fileRef = 5508B96E1ED9186300526200 /* ItemOfSet.m */; };
		5508B9731ED9186300526200 /* Set.m in Sources */ = {isa = PBXBuildFile; fileRef = 5508B9701ED9186300526200 /* Set.m */; };
		55D34EDA1EBA906500A2EE38 /* main.m in Sources */ = {isa = PBXBuildFile; fileRef = 55D34ED91EBA906500A2EE38 /* main.m */; };
		55D34EDD1EBA906500A2EE38 /* AppDelegate.m in Sources */ = {isa = PBXBuildFile; fileRef = 55D34EDC1EBA906500A2EE38 /* AppDelegate.m */; };
		55D34EE31EBA906500A2EE38 /* Main.storyboard in Resources */ = {isa = PBXBuildFile; fileRef = 55D34EE11EBA906500A2EE38 /* Main.storyboard */; };
		55D34EE51EBA906500A2EE38 /* Assets.xcassets in Resources */ = {isa = PBXBuildFile; fileRef = 55D34EE41EBA906500A2EE38 /* Assets.xcassets */; };
		55D34EE81EBA906500A2EE38 /* LaunchScreen.storyboard in Resources */ = {isa = PBXBuildFile; fileRef = 55D34EE61EBA906500A2EE38 /* LaunchScreen.storyboard */; };
		55DD03481ED919FA00BDA097 /* UIColor+PickerColors.m in Sources */ = {isa = PBXBuildFile; fileRef = 55DD03451ED919FA00BDA097 /* UIColor+PickerColors.m */; };
		55DD03491ED919FA00BDA097 /* UITableView+GettingIndexPath.m in Sources */ = {isa = PBXBuildFile; fileRef = 55DD03471ED919FA00BDA097 /* UITableView+GettingIndexPath.m */; };
		55DD034C1ED91A3200BDA097 /* NSMutableArray+Shuffle.m in Sources */ = {isa = PBXBuildFile; fileRef = 55DD034B1ED91A3200BDA097 /* NSMutableArray+Shuffle.m */; };
/* End PBXBuildFile section */

/* Begin PBXFileReference section */
		5508B92B1ED916A600526200 /* LearnOrganizer.h */ = {isa = PBXFileReference; fileEncoding = 4; lastKnownFileType = sourcecode.c.h; path = LearnOrganizer.h; sourceTree = "<group>"; };
		5508B92C1ED916A600526200 /* LearnOrganizer.m */ = {isa = PBXFileReference; fileEncoding = 4; lastKnownFileType = sourcecode.c.objc; path = LearnOrganizer.m; sourceTree = "<group>"; };
		5508B92D1ED916A600526200 /* LearnOrganizerProtocol.h */ = {isa = PBXFileReference; fileEncoding = 4; lastKnownFileType = sourcecode.c.h; path = LearnOrganizerProtocol.h; sourceTree = "<group>"; };
		5508B92F1ED916A600526200 /* MatchOrganizer.h */ = {isa = PBXFileReference; fileEncoding = 4; lastKnownFileType = sourcecode.c.h; path = MatchOrganizer.h; sourceTree = "<group>"; };
		5508B9301ED916A600526200 /* MatchOrganizer.m */ = {isa = PBXFileReference; fileEncoding = 4; lastKnownFileType = sourcecode.c.objc; path = MatchOrganizer.m; sourceTree = "<group>"; };
		5508B9311ED916A600526200 /* MatchOrganizerProtocol.h */ = {isa = PBXFileReference; fileEncoding = 4; lastKnownFileType = sourcecode.c.h; path = MatchOrganizerProtocol.h; sourceTree = "<group>"; };
		5508B9321ED916A600526200 /* OrganizerProtocol.h */ = {isa = PBXFileReference; fileEncoding = 4; lastKnownFileType = sourcecode.c.h; path = OrganizerProtocol.h; sourceTree = "<group>"; };
		5508B9361ED9176B00526200 /* CreateSetTableViewController.h */ = {isa = PBXFileReference; fileEncoding = 4; lastKnownFileType = sourcecode.c.h; path = CreateSetTableViewController.h; sourceTree = "<group>"; };
		5508B9371ED9176B00526200 /* CreateSetTableViewController.m */ = {isa = PBXFileReference; fileEncoding = 4; lastKnownFileType = sourcecode.c.objc; path = CreateSetTableViewController.m; sourceTree = "<group>"; };
		5508B9381ED9176B00526200 /* DetailSetTableViewController.h */ = {isa = PBXFileReference; fileEncoding = 4; lastKnownFileType = sourcecode.c.h; path = DetailSetTableViewController.h; sourceTree = "<group>"; };
		5508B9391ED9176B00526200 /* DetailSetTableViewController.m */ = {isa = PBXFileReference; fileEncoding = 4; lastKnownFileType = sourcecode.c.objc; path = DetailSetTableViewController.m; sourceTree = "<group>"; };
		5508B93B1ED9176B00526200 /* LearnRoundInfoTableViewController.h */ = {isa = PBXFileReference; fileEncoding = 4; lastKnownFileType = sourcecode.c.h; path = LearnRoundInfoTableViewController.h; sourceTree = "<group>"; };
		5508B93C1ED9176B00526200 /* LearnRoundInfoTableViewController.m */ = {isa = PBXFileReference; fileEncoding = 4; lastKnownFileType = sourcecode.c.objc; path = LearnRoundInfoTableViewController.m; sourceTree = "<group>"; };
		5508B93D1ED9176B00526200 /* LearnRoundViewController.h */ = {isa = PBXFileReference; fileEncoding = 4; lastKnownFileType = sourcecode.c.h; path = LearnRoundViewController.h; sourceTree = "<group>"; };
		5508B93E1ED9176B00526200 /* LearnRoundViewController.m */ = {isa = PBXFileReference; fileEncoding = 4; lastKnownFileType = sourcecode.c.objc; path = LearnRoundViewController.m; sourceTree = "<group>"; };
		5508B9401ED9176B00526200 /* MatchItemsCollectionViewController.h */ = {isa = PBXFileReference; fileEncoding = 4; lastKnownFileType = sourcecode.c.h; path = MatchItemsCollectionViewController.h; sourceTree = "<group>"; };
		5508B9411ED9176B00526200 /* MatchItemsCollectionViewController.m */ = {isa = PBXFileReference; fileEncoding = 4; lastKnownFileType = sourcecode.c.objc; path = MatchItemsCollectionViewController.m; sourceTree = "<group>"; };
		5508B9421ED9176B00526200 /* MatchPrepareViewController.h */ = {isa = PBXFileReference; fileEncoding = 4; lastKnownFileType = sourcecode.c.h; path = MatchPrepareViewController.h; sourceTree = "<group>"; };
		5508B9431ED9176B00526200 /* MatchPrepareViewController.m */ = {isa = PBXFileReference; fileEncoding = 4; lastKnownFileType = sourcecode.c.objc; path = MatchPrepareViewController.m; sourceTree = "<group>"; };
		5508B9441ED9176B00526200 /* SetsViewController.h */ = {isa = PBXFileReference; fileEncoding = 4; lastKnownFileType = sourcecode.c.h; path = SetsViewController.h; sourceTree = "<group>"; };
		5508B9451ED9176B00526200 /* SetsViewController.m */ = {isa = PBXFileReference; fileEncoding = 4; lastKnownFileType = sourcecode.c.objc; path = SetsViewController.m; sourceTree = "<group>"; };
		5508B94E1ED9184B00526200 /* Circle.h */ = {isa = PBXFileReference; fileEncoding = 4; lastKnownFileType = sourcecode.c.h; path = Circle.h; sourceTree = "<group>"; };
		5508B94F1ED9184B00526200 /* Circle.m */ = {isa = PBXFileReference; fileEncoding = 4; lastKnownFileType = sourcecode.c.objc; path = Circle.m; sourceTree = "<group>"; };
		5508B9501ED9184B00526200 /* ItemLabel.h */ = {isa = PBXFileReference; fileEncoding = 4; lastKnownFileType = sourcecode.c.h; path = ItemLabel.h; sourceTree = "<group>"; };
		5508B9511ED9184B00526200 /* ItemLabel.m */ = {isa = PBXFileReference; fileEncoding = 4; lastKnownFileType = sourcecode.c.objc; path = ItemLabel.m; sourceTree = "<group>"; };
		5508B9521ED9184B00526200 /* ItemOfMatchCollectionViewCell.h */ = {isa = PBXFileReference; fileEncoding = 4; lastKnownFileType = sourcecode.c.h; path = ItemOfMatchCollectionViewCell.h; sourceTree = "<group>"; };
		5508B9531ED9184B00526200 /* ItemOfMatchCollectionViewCell.m */ = {isa = PBXFileReference; fileEncoding = 4; lastKnownFileType = sourcecode.c.objc; path = ItemOfMatchCollectionViewCell.m; sourceTree = "<group>"; };
		5508B9541ED9184B00526200 /* ItemOfSetTableViewCell.h */ = {isa = PBXFileReference; fileEncoding = 4; lastKnownFileType = sourcecode.c.h; path = ItemOfSetTableViewCell.h; sourceTree = "<group>"; };
		5508B9551ED9184B00526200 /* ItemOfSetTableViewCell.m */ = {isa = PBXFileReference; fileEncoding = 4; lastKnownFileType = sourcecode.c.objc; path = ItemOfSetTableViewCell.m; sourceTree = "<group>"; };
		5508B9561ED9184B00526200 /* ItemOfSetTableViewCell.xib */ = {isa = PBXFileReference; fileEncoding = 4; lastKnownFileType = file.xib; path = ItemOfSetTableViewCell.xib; sourceTree = "<group>"; };
		5508B9581ED9184B00526200 /* LearnProgressStackView.h */ = {isa = PBXFileReference; fileEncoding = 4; lastKnownFileType = sourcecode.c.h; path = LearnProgressStackView.h; sourceTree = "<group>"; };
		5508B9591ED9184B00526200 /* LearnProgressStackView.m */ = {isa = PBXFileReference; fileEncoding = 4; lastKnownFileType = sourcecode.c.objc; path = LearnProgressStackView.m; sourceTree = "<group>"; };
		5508B95A1ED9184B00526200 /* LearnRoundInfoHeader.h */ = {isa = PBXFileReference; fileEncoding = 4; lastKnownFileType = sourcecode.c.h; path = LearnRoundInfoHeader.h; sourceTree = "<group>"; };
		5508B95B1ED9184B00526200 /* LearnRoundInfoHeader.m */ = {isa = PBXFileReference; fileEncoding = 4; lastKnownFileType = sourcecode.c.objc; path = LearnRoundInfoHeader.m; sourceTree = "<group>"; };
		5508B95C1ED9184B00526200 /* LearnRoundInfoHeader.xib */ = {isa = PBXFileReference; fileEncoding = 4; lastKnownFileType = file.xib; path = LearnRoundInfoHeader.xib; sourceTree = "<group>"; };
		5508B95D1ED9184B00526200 /* LearnRoundInfoTableViewCell.h */ = {isa = PBXFileReference; fileEncoding = 4; lastKnownFileType = sourcecode.c.h; path = LearnRoundInfoTableViewCell.h; sourceTree = "<group>"; };
		5508B95E1ED9184B00526200 /* LearnRoundInfoTableViewCell.m */ = {isa = PBXFileReference; fileEncoding = 4; lastKnownFileType = sourcecode.c.objc; path = LearnRoundInfoTableViewCell.m; sourceTree = "<group>"; };
		5508B95F1ED9184B00526200 /* SetTableViewCell.h */ = {isa = PBXFileReference; fileEncoding = 4; lastKnownFileType = sourcecode.c.h; path = SetTableViewCell.h; sourceTree = "<group>"; };
		5508B9601ED9184B00526200 /* SetTableViewCell.m */ = {isa = PBXFileReference; fileEncoding = 4; lastKnownFileType = sourcecode.c.objc; path = SetTableViewCell.m; sourceTree = "<group>"; };
		5508B96D1ED9186300526200 /* ItemOfSet.h */ = {isa = PBXFileReference; fileEncoding = 4; lastKnownFileType = sourcecode.c.h; path = ItemOfSet.h; sourceTree = "<group>"; };
		5508B96E1ED9186300526200 /* ItemOfSet.m */ = {isa = PBXFileReference; fileEncoding = 4; lastKnownFileType = sourcecode.c.objc; path = ItemOfSet.m; sourceTree = "<group>"; };
		5508B96F1ED9186300526200 /* Set.h */ = {isa = PBXFileReference; fileEncoding = 4; lastKnownFileType = sourcecode.c.h; path = Set.h; sourceTree = "<group>"; };
		5508B9701ED9186300526200 /* Set.m */ = {isa = PBXFileReference; fileEncoding = 4; lastKnownFileType = sourcecode.c.objc; path = Set.m; sourceTree = "<group>"; };
		558D15331ED91E100055C2DE /* Info.plist */ = {isa = PBXFileReference; lastKnownFileType = text.plist.xml; path = Info.plist; sourceTree = "<group>"; };
		55C6ACDF1EC8D5AA0062537B /* MatchModeDelegate.h */ = {isa = PBXFileReference; fileEncoding = 4; lastKnownFileType = sourcecode.c.h; path = MatchModeDelegate.h; sourceTree = "<group>"; };
		55D34ED51EBA906500A2EE38 /* Memento.app */ = {isa = PBXFileReference; explicitFileType = wrapper.application; includeInIndex = 0; path = Memento.app; sourceTree = BUILT_PRODUCTS_DIR; };
		55D34ED91EBA906500A2EE38 /* main.m */ = {isa = PBXFileReference; lastKnownFileType = sourcecode.c.objc; path = main.m; sourceTree = "<group>"; };
		55D34EDB1EBA906500A2EE38 /* AppDelegate.h */ = {isa = PBXFileReference; lastKnownFileType = sourcecode.c.h; path = AppDelegate.h; sourceTree = "<group>"; };
		55D34EDC1EBA906500A2EE38 /* AppDelegate.m */ = {isa = PBXFileReference; lastKnownFileType = sourcecode.c.objc; path = AppDelegate.m; sourceTree = "<group>"; };
		55D34EE21EBA906500A2EE38 /* Base */ = {isa = PBXFileReference; lastKnownFileType = file.storyboard; name = Base; path = Base.lproj/Main.storyboard; sourceTree = "<group>"; };
		55D34EE41EBA906500A2EE38 /* Assets.xcassets */ = {isa = PBXFileReference; lastKnownFileType = folder.assetcatalog; path = Assets.xcassets; sourceTree = "<group>"; };
		55D34EE71EBA906500A2EE38 /* Base */ = {isa = PBXFileReference; lastKnownFileType = file.storyboard; name = Base; path = Base.lproj/LaunchScreen.storyboard; sourceTree = "<group>"; };
		55DD03441ED919FA00BDA097 /* UIColor+PickerColors.h */ = {isa = PBXFileReference; fileEncoding = 4; lastKnownFileType = sourcecode.c.h; path = "UIColor+PickerColors.h"; sourceTree = "<group>"; };
		55DD03451ED919FA00BDA097 /* UIColor+PickerColors.m */ = {isa = PBXFileReference; fileEncoding = 4; lastKnownFileType = sourcecode.c.objc; path = "UIColor+PickerColors.m"; sourceTree = "<group>"; };
		55DD03461ED919FA00BDA097 /* UITableView+GettingIndexPath.h */ = {isa = PBXFileReference; fileEncoding = 4; lastKnownFileType = sourcecode.c.h; path = "UITableView+GettingIndexPath.h"; sourceTree = "<group>"; };
		55DD03471ED919FA00BDA097 /* UITableView+GettingIndexPath.m */ = {isa = PBXFileReference; fileEncoding = 4; lastKnownFileType = sourcecode.c.objc; path = "UITableView+GettingIndexPath.m"; sourceTree = "<group>"; };
		55DD034A1ED91A3200BDA097 /* NSMutableArray+Shuffle.h */ = {isa = PBXFileReference; fileEncoding = 4; lastKnownFileType = sourcecode.c.h; path = "NSMutableArray+Shuffle.h"; sourceTree = "<group>"; };
		55DD034B1ED91A3200BDA097 /* NSMutableArray+Shuffle.m */ = {isa = PBXFileReference; fileEncoding = 4; lastKnownFileType = sourcecode.c.objc; path = "NSMutableArray+Shuffle.m"; sourceTree = "<group>"; };
/* End PBXFileReference section */

/* Begin PBXFrameworksBuildPhase section */
		55D34ED21EBA906500A2EE38 /* Frameworks */ = {
			isa = PBXFrameworksBuildPhase;
			buildActionMask = 2147483647;
			files = (
			);
			runOnlyForDeploymentPostprocessing = 0;
		};
/* End PBXFrameworksBuildPhase section */

/* Begin PBXGroup section */
		5508B9291ED916A600526200 /* Organizers */ = {
			isa = PBXGroup;
			children = (
				5508B9321ED916A600526200 /* OrganizerProtocol.h */,
				5508B92A1ED916A600526200 /* LearnMode */,
				5508B92E1ED916A600526200 /* MatchMode */,
			);
			path = Organizers;
			sourceTree = "<group>";
		};
		5508B92A1ED916A600526200 /* LearnMode */ = {
			isa = PBXGroup;
			children = (
				5508B92D1ED916A600526200 /* LearnOrganizerProtocol.h */,
				5508B92B1ED916A600526200 /* LearnOrganizer.h */,
				5508B92C1ED916A600526200 /* LearnOrganizer.m */,
			);
			path = LearnMode;
			sourceTree = "<group>";
		};
		5508B92E1ED916A600526200 /* MatchMode */ = {
			isa = PBXGroup;
			children = (
				5508B9311ED916A600526200 /* MatchOrganizerProtocol.h */,
				5508B92F1ED916A600526200 /* MatchOrganizer.h */,
				5508B9301ED916A600526200 /* MatchOrganizer.m */,
			);
			path = MatchMode;
			sourceTree = "<group>";
		};
		5508B9351ED9176B00526200 /* Controllers */ = {
			isa = PBXGroup;
			children = (
				5508B9361ED9176B00526200 /* CreateSetTableViewController.h */,
				5508B9371ED9176B00526200 /* CreateSetTableViewController.m */,
				5508B9381ED9176B00526200 /* DetailSetTableViewController.h */,
				5508B9391ED9176B00526200 /* DetailSetTableViewController.m */,
				5508B93A1ED9176B00526200 /* LearnMode */,
				5508B93F1ED9176B00526200 /* MatchMode */,
				5508B9441ED9176B00526200 /* SetsViewController.h */,
				5508B9451ED9176B00526200 /* SetsViewController.m */,
			);
			path = Controllers;
			sourceTree = "<group>";
		};
		5508B93A1ED9176B00526200 /* LearnMode */ = {
			isa = PBXGroup;
			children = (
				5508B93B1ED9176B00526200 /* LearnRoundInfoTableViewController.h */,
				5508B93C1ED9176B00526200 /* LearnRoundInfoTableViewController.m */,
				5508B93D1ED9176B00526200 /* LearnRoundViewController.h */,
				5508B93E1ED9176B00526200 /* LearnRoundViewController.m */,
			);
			path = LearnMode;
			sourceTree = "<group>";
		};
		5508B93F1ED9176B00526200 /* MatchMode */ = {
			isa = PBXGroup;
			children = (
				5508B9401ED9176B00526200 /* MatchItemsCollectionViewController.h */,
				5508B9411ED9176B00526200 /* MatchItemsCollectionViewController.m */,
				5508B9421ED9176B00526200 /* MatchPrepareViewController.h */,
				5508B9431ED9176B00526200 /* MatchPrepareViewController.m */,
			);
			path = MatchMode;
			sourceTree = "<group>";
		};
		5508B94D1ED9184B00526200 /* View */ = {
			isa = PBXGroup;
			children = (
				5508B94E1ED9184B00526200 /* Circle.h */,
				5508B94F1ED9184B00526200 /* Circle.m */,
				5508B9501ED9184B00526200 /* ItemLabel.h */,
				5508B9511ED9184B00526200 /* ItemLabel.m */,
				5508B9521ED9184B00526200 /* ItemOfMatchCollectionViewCell.h */,
				5508B9531ED9184B00526200 /* ItemOfMatchCollectionViewCell.m */,
				5508B9541ED9184B00526200 /* ItemOfSetTableViewCell.h */,
				5508B9551ED9184B00526200 /* ItemOfSetTableViewCell.m */,
				5508B9561ED9184B00526200 /* ItemOfSetTableViewCell.xib */,
				5508B9571ED9184B00526200 /* LearnMode */,
			);
			path = View;
			sourceTree = "<group>";
		};
		5508B9571ED9184B00526200 /* LearnMode */ = {
			isa = PBXGroup;
			children = (
				5508B9581ED9184B00526200 /* LearnProgressStackView.h */,
				5508B9591ED9184B00526200 /* LearnProgressStackView.m */,
				5508B95A1ED9184B00526200 /* LearnRoundInfoHeader.h */,
				5508B95B1ED9184B00526200 /* LearnRoundInfoHeader.m */,
				5508B95C1ED9184B00526200 /* LearnRoundInfoHeader.xib */,
				5508B95D1ED9184B00526200 /* LearnRoundInfoTableViewCell.h */,
				5508B95E1ED9184B00526200 /* LearnRoundInfoTableViewCell.m */,
				5508B95F1ED9184B00526200 /* SetTableViewCell.h */,
				5508B9601ED9184B00526200 /* SetTableViewCell.m */,
			);
			path = LearnMode;
			sourceTree = "<group>";
		};
		5508B96B1ED9186300526200 /* Model */ = {
			isa = PBXGroup;
			children = (
				5508B96D1ED9186300526200 /* ItemOfSet.h */,
				5508B96E1ED9186300526200 /* ItemOfSet.m */,
				5508B96F1ED9186300526200 /* Set.h */,
				5508B9701ED9186300526200 /* Set.m */,
			);
			path = Model;
			sourceTree = "<group>";
		};
		55D34ECC1EBA906500A2EE38 = {
			isa = PBXGroup;
			children = (
				55D34ED71EBA906500A2EE38 /* Memento */,
				55D34ED61EBA906500A2EE38 /* Products */,
			);
			sourceTree = "<group>";
		};
		55D34ED61EBA906500A2EE38 /* Products */ = {
			isa = PBXGroup;
			children = (
				55D34ED51EBA906500A2EE38 /* Memento.app */,
			);
			name = Products;
			sourceTree = "<group>";
		};
		55D34ED71EBA906500A2EE38 /* Memento */ = {
			isa = PBXGroup;
			children = (
				55D34EE11EBA906500A2EE38 /* Main.storyboard */,
				5508B96B1ED9186300526200 /* Model */,
				5508B94D1ED9184B00526200 /* View */,
				5508B9351ED9176B00526200 /* Controllers */,
				55D34ED81EBA906500A2EE38 /* Supporting Files */,
				5508B9291ED916A600526200 /* Organizers */,
				55DD03431ED919FA00BDA097 /* Categories */,
				55C6ACDF1EC8D5AA0062537B /* MatchModeDelegate.h */,
			);
			path = Memento;
			sourceTree = "<group>";
		};
		55D34ED81EBA906500A2EE38 /* Supporting Files */ = {
			isa = PBXGroup;
			children = (
				558D15331ED91E100055C2DE /* Info.plist */,
				55D34EDB1EBA906500A2EE38 /* AppDelegate.h */,
				55D34EDC1EBA906500A2EE38 /* AppDelegate.m */,
				55D34EE41EBA906500A2EE38 /* Assets.xcassets */,
				55D34EE61EBA906500A2EE38 /* LaunchScreen.storyboard */,
				55D34ED91EBA906500A2EE38 /* main.m */,
			);
			name = "Supporting Files";
			sourceTree = "<group>";
		};
		55DD03431ED919FA00BDA097 /* Categories */ = {
			isa = PBXGroup;
			children = (
				55DD03441ED919FA00BDA097 /* UIColor+PickerColors.h */,
				55DD03451ED919FA00BDA097 /* UIColor+PickerColors.m */,
				55DD03461ED919FA00BDA097 /* UITableView+GettingIndexPath.h */,
				55DD03471ED919FA00BDA097 /* UITableView+GettingIndexPath.m */,
				55DD034A1ED91A3200BDA097 /* NSMutableArray+Shuffle.h */,
				55DD034B1ED91A3200BDA097 /* NSMutableArray+Shuffle.m */,
			);
			path = Categories;
			sourceTree = "<group>";
		};
/* End PBXGroup section */

/* Begin PBXNativeTarget section */
		55D34ED41EBA906500A2EE38 /* Memento */ = {
			isa = PBXNativeTarget;
			buildConfigurationList = 55D34EEC1EBA906500A2EE38 /* Build configuration list for PBXNativeTarget "Memento" */;
			buildPhases = (
				55D34ED11EBA906500A2EE38 /* Sources */,
				55D34ED21EBA906500A2EE38 /* Frameworks */,
				55D34ED31EBA906500A2EE38 /* Resources */,
			);
			buildRules = (
			);
			dependencies = (
			);
			name = Memento;
			productName = Memento;
			productReference = 55D34ED51EBA906500A2EE38 /* Memento.app */;
			productType = "com.apple.product-type.application";
		};
/* End PBXNativeTarget section */

/* Begin PBXProject section */
		55D34ECD1EBA906500A2EE38 /* Project object */ = {
			isa = PBXProject;
			attributes = {
				LastUpgradeCheck = 0820;
				ORGANIZATIONNAME = "Andrey Morozov";
				TargetAttributes = {
					55D34ED41EBA906500A2EE38 = {
						CreatedOnToolsVersion = 8.2.1;
						DevelopmentTeam = 58CCZPCE6T;
						ProvisioningStyle = Automatic;
					};
				};
			};
			buildConfigurationList = 55D34ED01EBA906500A2EE38 /* Build configuration list for PBXProject "Memento" */;
			compatibilityVersion = "Xcode 3.2";
			developmentRegion = English;
			hasScannedForEncodings = 0;
			knownRegions = (
				en,
				Base,
			);
			mainGroup = 55D34ECC1EBA906500A2EE38;
			productRefGroup = 55D34ED61EBA906500A2EE38 /* Products */;
			projectDirPath = "";
			projectRoot = "";
			targets = (
				55D34ED41EBA906500A2EE38 /* Memento */,
			);
		};
/* End PBXProject section */

/* Begin PBXResourcesBuildPhase section */
		55D34ED31EBA906500A2EE38 /* Resources */ = {
			isa = PBXResourcesBuildPhase;
			buildActionMask = 2147483647;
			files = (
				55D34EE81EBA906500A2EE38 /* LaunchScreen.storyboard in Resources */,
				55D34EE51EBA906500A2EE38 /* Assets.xcassets in Resources */,
				5508B9651ED9184B00526200 /* ItemOfSetTableViewCell.xib in Resources */,
				5508B9681ED9184B00526200 /* LearnRoundInfoHeader.xib in Resources */,
				55D34EE31EBA906500A2EE38 /* Main.storyboard in Resources */,
			);
			runOnlyForDeploymentPostprocessing = 0;
		};
/* End PBXResourcesBuildPhase section */

/* Begin PBXSourcesBuildPhase section */
		55D34ED11EBA906500A2EE38 /* Sources */ = {
			isa = PBXSourcesBuildPhase;
			buildActionMask = 2147483647;
			files = (
				5508B9671ED9184B00526200 /* LearnRoundInfoHeader.m in Sources */,
				55DD03481ED919FA00BDA097 /* UIColor+PickerColors.m in Sources */,
				5508B9341ED916A600526200 /* MatchOrganizer.m in Sources */,
				5508B9471ED9176B00526200 /* DetailSetTableViewController.m in Sources */,
				5508B9621ED9184B00526200 /* ItemLabel.m in Sources */,
				55DD034C1ED91A3200BDA097 /* NSMutableArray+Shuffle.m in Sources */,
				5508B9331ED916A600526200 /* LearnOrganizer.m in Sources */,
				5508B9461ED9176B00526200 /* CreateSetTableViewController.m in Sources */,
				55DD03491ED919FA00BDA097 /* UITableView+GettingIndexPath.m in Sources */,
				5508B9691ED9184B00526200 /* LearnRoundInfoTableViewCell.m in Sources */,
				5508B94B1ED9176B00526200 /* MatchPrepareViewController.m in Sources */,
				5508B96A1ED9184B00526200 /* SetTableViewCell.m in Sources */,
				5508B9491ED9176B00526200 /* LearnRoundViewController.m in Sources */,
				5508B9731ED9186300526200 /* Set.m in Sources */,
				5508B94C1ED9176B00526200 /* SetsViewController.m in Sources */,
				5508B9611ED9184B00526200 /* Circle.m in Sources */,
				5508B94A1ED9176B00526200 /* MatchItemsCollectionViewController.m in Sources */,
				55D34EDD1EBA906500A2EE38 /* AppDelegate.m in Sources */,
				5508B9661ED9184B00526200 /* LearnProgressStackView.m in Sources */,
				55D34EDA1EBA906500A2EE38 /* main.m in Sources */,
				5508B9481ED9176B00526200 /* LearnRoundInfoTableViewController.m in Sources */,
				5508B9641ED9184B00526200 /* ItemOfSetTableViewCell.m in Sources */,
				5508B9631ED9184B00526200 /* ItemOfMatchCollectionViewCell.m in Sources */,
				5508B9721ED9186300526200 /* ItemOfSet.m in Sources */,
			);
			runOnlyForDeploymentPostprocessing = 0;
		};
/* End PBXSourcesBuildPhase section */

/* Begin PBXVariantGroup section */
		55D34EE11EBA906500A2EE38 /* Main.storyboard */ = {
			isa = PBXVariantGroup;
			children = (
				55D34EE21EBA906500A2EE38 /* Base */,
			);
			name = Main.storyboard;
			sourceTree = "<group>";
		};
		55D34EE61EBA906500A2EE38 /* LaunchScreen.storyboard */ = {
			isa = PBXVariantGroup;
			children = (
				55D34EE71EBA906500A2EE38 /* Base */,
			);
			name = LaunchScreen.storyboard;
			sourceTree = "<group>";
		};
/* End PBXVariantGroup section */

/* Begin XCBuildConfiguration section */
		55D34EEA1EBA906500A2EE38 /* Debug */ = {
			isa = XCBuildConfiguration;
			buildSettings = {
				ALWAYS_SEARCH_USER_PATHS = NO;
				CLANG_ANALYZER_NONNULL = YES;
				CLANG_CXX_LANGUAGE_STANDARD = "gnu++0x";
				CLANG_CXX_LIBRARY = "libc++";
				CLANG_ENABLE_MODULES = YES;
				CLANG_ENABLE_OBJC_ARC = YES;
				CLANG_WARN_BOOL_CONVERSION = YES;
				CLANG_WARN_CONSTANT_CONVERSION = YES;
				CLANG_WARN_DIRECT_OBJC_ISA_USAGE = YES_ERROR;
				CLANG_WARN_DOCUMENTATION_COMMENTS = YES;
				CLANG_WARN_EMPTY_BODY = YES;
				CLANG_WARN_ENUM_CONVERSION = YES;
				CLANG_WARN_INFINITE_RECURSION = YES;
				CLANG_WARN_INT_CONVERSION = YES;
				CLANG_WARN_OBJC_ROOT_CLASS = YES_ERROR;
				CLANG_WARN_SUSPICIOUS_MOVE = YES;
				CLANG_WARN_UNREACHABLE_CODE = YES;
				CLANG_WARN__DUPLICATE_METHOD_MATCH = YES;
				"CODE_SIGN_IDENTITY[sdk=iphoneos*]" = "iPhone Developer";
				COPY_PHASE_STRIP = NO;
				DEBUG_INFORMATION_FORMAT = dwarf;
				ENABLE_STRICT_OBJC_MSGSEND = YES;
				ENABLE_TESTABILITY = YES;
				GCC_C_LANGUAGE_STANDARD = gnu99;
				GCC_DYNAMIC_NO_PIC = NO;
				GCC_NO_COMMON_BLOCKS = YES;
				GCC_OPTIMIZATION_LEVEL = 0;
				GCC_PREPROCESSOR_DEFINITIONS = (
					"DEBUG=1",
					"$(inherited)",
				);
				GCC_WARN_64_TO_32_BIT_CONVERSION = YES;
				GCC_WARN_ABOUT_RETURN_TYPE = YES_ERROR;
				GCC_WARN_UNDECLARED_SELECTOR = YES;
				GCC_WARN_UNINITIALIZED_AUTOS = YES_AGGRESSIVE;
				GCC_WARN_UNUSED_FUNCTION = YES;
				GCC_WARN_UNUSED_VARIABLE = YES;
				IPHONEOS_DEPLOYMENT_TARGET = 9.3;
				MTL_ENABLE_DEBUG_INFO = YES;
				ONLY_ACTIVE_ARCH = YES;
				SDKROOT = iphoneos;
			};
			name = Debug;
		};
		55D34EEB1EBA906500A2EE38 /* Release */ = {
			isa = XCBuildConfiguration;
			buildSettings = {
				ALWAYS_SEARCH_USER_PATHS = NO;
				CLANG_ANALYZER_NONNULL = YES;
				CLANG_CXX_LANGUAGE_STANDARD = "gnu++0x";
				CLANG_CXX_LIBRARY = "libc++";
				CLANG_ENABLE_MODULES = YES;
				CLANG_ENABLE_OBJC_ARC = YES;
				CLANG_WARN_BOOL_CONVERSION = YES;
				CLANG_WARN_CONSTANT_CONVERSION = YES;
				CLANG_WARN_DIRECT_OBJC_ISA_USAGE = YES_ERROR;
				CLANG_WARN_DOCUMENTATION_COMMENTS = YES;
				CLANG_WARN_EMPTY_BODY = YES;
				CLANG_WARN_ENUM_CONVERSION = YES;
				CLANG_WARN_INFINITE_RECURSION = YES;
				CLANG_WARN_INT_CONVERSION = YES;
				CLANG_WARN_OBJC_ROOT_CLASS = YES_ERROR;
				CLANG_WARN_SUSPICIOUS_MOVE = YES;
				CLANG_WARN_UNREACHABLE_CODE = YES;
				CLANG_WARN__DUPLICATE_METHOD_MATCH = YES;
				"CODE_SIGN_IDENTITY[sdk=iphoneos*]" = "iPhone Developer";
				COPY_PHASE_STRIP = NO;
				DEBUG_INFORMATION_FORMAT = "dwarf-with-dsym";
				ENABLE_NS_ASSERTIONS = NO;
				ENABLE_STRICT_OBJC_MSGSEND = YES;
				GCC_C_LANGUAGE_STANDARD = gnu99;
				GCC_NO_COMMON_BLOCKS = YES;
				GCC_WARN_64_TO_32_BIT_CONVERSION = YES;
				GCC_WARN_ABOUT_RETURN_TYPE = YES_ERROR;
				GCC_WARN_UNDECLARED_SELECTOR = YES;
				GCC_WARN_UNINITIALIZED_AUTOS = YES_AGGRESSIVE;
				GCC_WARN_UNUSED_FUNCTION = YES;
				GCC_WARN_UNUSED_VARIABLE = YES;
				IPHONEOS_DEPLOYMENT_TARGET = 9.3;
				MTL_ENABLE_DEBUG_INFO = NO;
				SDKROOT = iphoneos;
				VALIDATE_PRODUCT = YES;
			};
			name = Release;
		};
		55D34EED1EBA906500A2EE38 /* Debug */ = {
			isa = XCBuildConfiguration;
			buildSettings = {
				ASSETCATALOG_COMPILER_APPICON_NAME = AppIcon;
				"CODE_SIGN_IDENTITY[sdk=iphoneos*]" = "iPhone Developer";
				DEVELOPMENT_TEAM = 58CCZPCE6T;
				INFOPLIST_FILE = Memento/Info.plist;
				IPHONEOS_DEPLOYMENT_TARGET = 9.3;
				LD_RUNPATH_SEARCH_PATHS = "$(inherited) @executable_path/Frameworks";
				PRODUCT_BUNDLE_IDENTIFIER = Jastic7.Memento;
				PRODUCT_NAME = "$(TARGET_NAME)";
			};
			name = Debug;
		};
		55D34EEE1EBA906500A2EE38 /* Release */ = {
			isa = XCBuildConfiguration;
			buildSettings = {
				ASSETCATALOG_COMPILER_APPICON_NAME = AppIcon;
				"CODE_SIGN_IDENTITY[sdk=iphoneos*]" = "iPhone Developer";
				DEVELOPMENT_TEAM = 58CCZPCE6T;
				INFOPLIST_FILE = Memento/Info.plist;
				IPHONEOS_DEPLOYMENT_TARGET = 9.3;
				LD_RUNPATH_SEARCH_PATHS = "$(inherited) @executable_path/Frameworks";
				PRODUCT_BUNDLE_IDENTIFIER = Jastic7.Memento;
				PRODUCT_NAME = "$(TARGET_NAME)";
			};
			name = Release;
		};
/* End XCBuildConfiguration section */

/* Begin XCConfigurationList section */
		55D34ED01EBA906500A2EE38 /* Build configuration list for PBXProject "Memento" */ = {
			isa = XCConfigurationList;
			buildConfigurations = (
				55D34EEA1EBA906500A2EE38 /* Debug */,
				55D34EEB1EBA906500A2EE38 /* Release */,
			);
			defaultConfigurationIsVisible = 0;
			defaultConfigurationName = Release;
		};
		55D34EEC1EBA906500A2EE38 /* Build configuration list for PBXNativeTarget "Memento" */ = {
			isa = XCConfigurationList;
			buildConfigurations = (
				55D34EED1EBA906500A2EE38 /* Debug */,
				55D34EEE1EBA906500A2EE38 /* Release */,
			);
			defaultConfigurationIsVisible = 0;
			defaultConfigurationName = Release;
		};
/* End XCConfigurationList section */
	};
	rootObject = 55D34ECD1EBA906500A2EE38 /* Project object */;
}
