// !$*UTF8*$!
{
	archiveVersion = 1;
	classes = {
	};
	objectVersion = 46;
	objects = {

/* Begin PBXBuildFile section */
		5556BE551ED2ECFF00E8DC64 /* LearnRoundInfoTableViewController.m in Sources */ = {isa = PBXBuildFile; fileRef = 5556BE541ED2ECFF00E8DC64 /* LearnRoundInfoTableViewController.m */; };
		5556BE5D1ED3244F00E8DC64 /* Circle.m in Sources */ = {isa = PBXBuildFile; fileRef = 5556BE5C1ED3244F00E8DC64 /* Circle.m */; };
		5556BE601ED3266D00E8DC64 /* LearnRoundInfoHeader.m in Sources */ = {isa = PBXBuildFile; fileRef = 5556BE5F1ED3266D00E8DC64 /* LearnRoundInfoHeader.m */; };
		5556BE621ED3267C00E8DC64 /* LearnRoundInfoHeader.xib in Resources */ = {isa = PBXBuildFile; fileRef = 5556BE611ED3267C00E8DC64 /* LearnRoundInfoHeader.xib */; };
		555AE4FD1ECDDA9E00A500CA /* LearnRoundViewController.m in Sources */ = {isa = PBXBuildFile; fileRef = 555AE4FC1ECDDA9E00A500CA /* LearnRoundViewController.m */; };
		557D1D341ED3B45F00DC7ADE /* LearnModeOrganizer.m in Sources */ = {isa = PBXBuildFile; fileRef = 557D1D331ED3B45F00DC7ADE /* LearnModeOrganizer.m */; };
		557D1D371ED3D77F00DC7ADE /* LearnRoundInfoTableViewCell.m in Sources */ = {isa = PBXBuildFile; fileRef = 557D1D361ED3D77F00DC7ADE /* LearnRoundInfoTableViewCell.m */; };
		55A8F3DA1EBBDD68000D5DB0 /* ItemOfSet.m in Sources */ = {isa = PBXBuildFile; fileRef = 55A8F3D91EBBDD68000D5DB0 /* ItemOfSet.m */; };
		55A8F3DF1EBBEFE2000D5DB0 /* ItemOfSetTableViewCell.m in Sources */ = {isa = PBXBuildFile; fileRef = 55A8F3DD1EBBEFE2000D5DB0 /* ItemOfSetTableViewCell.m */; };
		55A8F3E01EBBEFE2000D5DB0 /* ItemOfSetTableViewCell.xib in Resources */ = {isa = PBXBuildFile; fileRef = 55A8F3DE1EBBEFE2000D5DB0 /* ItemOfSetTableViewCell.xib */; };
		55A8F3E41EBC98ED000D5DB0 /* UITableView+GettingIndexPath.m in Sources */ = {isa = PBXBuildFile; fileRef = 55A8F3E31EBC98ED000D5DB0 /* UITableView+GettingIndexPath.m */; };
		55C6ACCD1EC873B20062537B /* CreateSetTableViewController.m in Sources */ = {isa = PBXBuildFile; fileRef = 55C6ACCC1EC873B20062537B /* CreateSetTableViewController.m */; };
		55C6ACD51EC89EF80062537B /* DetailSetTableViewController.m in Sources */ = {isa = PBXBuildFile; fileRef = 55C6ACD41EC89EF80062537B /* DetailSetTableViewController.m */; };
		55C6ACD81EC8B3250062537B /* MatchItemsCollectionViewController.m in Sources */ = {isa = PBXBuildFile; fileRef = 55C6ACD71EC8B3250062537B /* MatchItemsCollectionViewController.m */; };
		55C6ACDB1EC8B4300062537B /* ItemOfMatchCollectionViewCell.m in Sources */ = {isa = PBXBuildFile; fileRef = 55C6ACDA1EC8B4300062537B /* ItemOfMatchCollectionViewCell.m */; };
		55C6ACDE1EC8D33F0062537B /* MatchPrepareViewController.m in Sources */ = {isa = PBXBuildFile; fileRef = 55C6ACDD1EC8D33F0062537B /* MatchPrepareViewController.m */; };
		55D34EDA1EBA906500A2EE38 /* main.m in Sources */ = {isa = PBXBuildFile; fileRef = 55D34ED91EBA906500A2EE38 /* main.m */; };
		55D34EDD1EBA906500A2EE38 /* AppDelegate.m in Sources */ = {isa = PBXBuildFile; fileRef = 55D34EDC1EBA906500A2EE38 /* AppDelegate.m */; };
		55D34EE01EBA906500A2EE38 /* SetsViewController.m in Sources */ = {isa = PBXBuildFile; fileRef = 55D34EDF1EBA906500A2EE38 /* SetsViewController.m */; };
		55D34EE31EBA906500A2EE38 /* Main.storyboard in Resources */ = {isa = PBXBuildFile; fileRef = 55D34EE11EBA906500A2EE38 /* Main.storyboard */; };
		55D34EE51EBA906500A2EE38 /* Assets.xcassets in Resources */ = {isa = PBXBuildFile; fileRef = 55D34EE41EBA906500A2EE38 /* Assets.xcassets */; };
		55D34EE81EBA906500A2EE38 /* LaunchScreen.storyboard in Resources */ = {isa = PBXBuildFile; fileRef = 55D34EE61EBA906500A2EE38 /* LaunchScreen.storyboard */; };
		55D34EF11EBAA0BF00A2EE38 /* Set.m in Sources */ = {isa = PBXBuildFile; fileRef = 55D34EF01EBAA0BF00A2EE38 /* Set.m */; };
		55D34EF41EBAA28500A2EE38 /* SetTableViewCell.m in Sources */ = {isa = PBXBuildFile; fileRef = 55D34EF31EBAA28500A2EE38 /* SetTableViewCell.m */; };
		55F27BC61ECC7B8F00EE58F9 /* NSMutableArray+Shuffle.m in Sources */ = {isa = PBXBuildFile; fileRef = 55F27BC51ECC7B8F00EE58F9 /* NSMutableArray+Shuffle.m */; };
/* End PBXBuildFile section */

/* Begin PBXFileReference section */
		5556BE531ED2ECFF00E8DC64 /* LearnRoundInfoTableViewController.h */ = {isa = PBXFileReference; fileEncoding = 4; lastKnownFileType = sourcecode.c.h; path = LearnRoundInfoTableViewController.h; sourceTree = "<group>"; };
		5556BE541ED2ECFF00E8DC64 /* LearnRoundInfoTableViewController.m */ = {isa = PBXFileReference; fileEncoding = 4; lastKnownFileType = sourcecode.c.objc; path = LearnRoundInfoTableViewController.m; sourceTree = "<group>"; };
		5556BE5B1ED3244F00E8DC64 /* Circle.h */ = {isa = PBXFileReference; fileEncoding = 4; lastKnownFileType = sourcecode.c.h; path = Circle.h; sourceTree = "<group>"; };
		5556BE5C1ED3244F00E8DC64 /* Circle.m */ = {isa = PBXFileReference; fileEncoding = 4; lastKnownFileType = sourcecode.c.objc; path = Circle.m; sourceTree = "<group>"; };
		5556BE5E1ED3266D00E8DC64 /* LearnRoundInfoHeader.h */ = {isa = PBXFileReference; fileEncoding = 4; lastKnownFileType = sourcecode.c.h; path = LearnRoundInfoHeader.h; sourceTree = "<group>"; };
		5556BE5F1ED3266D00E8DC64 /* LearnRoundInfoHeader.m */ = {isa = PBXFileReference; fileEncoding = 4; lastKnownFileType = sourcecode.c.objc; path = LearnRoundInfoHeader.m; sourceTree = "<group>"; };
		5556BE611ED3267C00E8DC64 /* LearnRoundInfoHeader.xib */ = {isa = PBXFileReference; fileEncoding = 4; lastKnownFileType = file.xib; path = LearnRoundInfoHeader.xib; sourceTree = "<group>"; };
		555AE4FB1ECDDA9E00A500CA /* LearnRoundViewController.h */ = {isa = PBXFileReference; fileEncoding = 4; lastKnownFileType = sourcecode.c.h; path = LearnRoundViewController.h; sourceTree = "<group>"; };
		555AE4FC1ECDDA9E00A500CA /* LearnRoundViewController.m */ = {isa = PBXFileReference; fileEncoding = 4; lastKnownFileType = sourcecode.c.objc; path = LearnRoundViewController.m; sourceTree = "<group>"; };
		557D1D311ED3B15100DC7ADE /* LearnModeProtocol.h */ = {isa = PBXFileReference; fileEncoding = 4; lastKnownFileType = sourcecode.c.h; path = LearnModeProtocol.h; sourceTree = "<group>"; };
		557D1D321ED3B45F00DC7ADE /* LearnModeOrganizer.h */ = {isa = PBXFileReference; fileEncoding = 4; lastKnownFileType = sourcecode.c.h; path = LearnModeOrganizer.h; sourceTree = "<group>"; };
		557D1D331ED3B45F00DC7ADE /* LearnModeOrganizer.m */ = {isa = PBXFileReference; fileEncoding = 4; lastKnownFileType = sourcecode.c.objc; path = LearnModeOrganizer.m; sourceTree = "<group>"; };
		557D1D351ED3D77F00DC7ADE /* LearnRoundInfoTableViewCell.h */ = {isa = PBXFileReference; fileEncoding = 4; lastKnownFileType = sourcecode.c.h; path = LearnRoundInfoTableViewCell.h; sourceTree = "<group>"; };
		557D1D361ED3D77F00DC7ADE /* LearnRoundInfoTableViewCell.m */ = {isa = PBXFileReference; fileEncoding = 4; lastKnownFileType = sourcecode.c.objc; path = LearnRoundInfoTableViewCell.m; sourceTree = "<group>"; };
		55A8F3D81EBBDD68000D5DB0 /* ItemOfSet.h */ = {isa = PBXFileReference; fileEncoding = 4; lastKnownFileType = sourcecode.c.h; path = ItemOfSet.h; sourceTree = "<group>"; };
		55A8F3D91EBBDD68000D5DB0 /* ItemOfSet.m */ = {isa = PBXFileReference; fileEncoding = 4; lastKnownFileType = sourcecode.c.objc; path = ItemOfSet.m; sourceTree = "<group>"; };
		55A8F3DC1EBBEFE2000D5DB0 /* ItemOfSetTableViewCell.h */ = {isa = PBXFileReference; fileEncoding = 4; lastKnownFileType = sourcecode.c.h; path = ItemOfSetTableViewCell.h; sourceTree = "<group>"; };
		55A8F3DD1EBBEFE2000D5DB0 /* ItemOfSetTableViewCell.m */ = {isa = PBXFileReference; fileEncoding = 4; lastKnownFileType = sourcecode.c.objc; path = ItemOfSetTableViewCell.m; sourceTree = "<group>"; };
		55A8F3DE1EBBEFE2000D5DB0 /* ItemOfSetTableViewCell.xib */ = {isa = PBXFileReference; fileEncoding = 4; lastKnownFileType = file.xib; path = ItemOfSetTableViewCell.xib; sourceTree = "<group>"; };
		55A8F3E21EBC98ED000D5DB0 /* UITableView+GettingIndexPath.h */ = {isa = PBXFileReference; fileEncoding = 4; lastKnownFileType = sourcecode.c.h; path = "UITableView+GettingIndexPath.h"; sourceTree = "<group>"; };
		55A8F3E31EBC98ED000D5DB0 /* UITableView+GettingIndexPath.m */ = {isa = PBXFileReference; fileEncoding = 4; lastKnownFileType = sourcecode.c.objc; path = "UITableView+GettingIndexPath.m"; sourceTree = "<group>"; };
		55C6ACCB1EC873B20062537B /* CreateSetTableViewController.h */ = {isa = PBXFileReference; fileEncoding = 4; lastKnownFileType = sourcecode.c.h; path = CreateSetTableViewController.h; sourceTree = "<group>"; };
		55C6ACCC1EC873B20062537B /* CreateSetTableViewController.m */ = {isa = PBXFileReference; fileEncoding = 4; lastKnownFileType = sourcecode.c.objc; path = CreateSetTableViewController.m; sourceTree = "<group>"; };
		55C6ACD31EC89EF80062537B /* DetailSetTableViewController.h */ = {isa = PBXFileReference; fileEncoding = 4; lastKnownFileType = sourcecode.c.h; path = DetailSetTableViewController.h; sourceTree = "<group>"; };
		55C6ACD41EC89EF80062537B /* DetailSetTableViewController.m */ = {isa = PBXFileReference; fileEncoding = 4; lastKnownFileType = sourcecode.c.objc; path = DetailSetTableViewController.m; sourceTree = "<group>"; };
		55C6ACD61EC8B3250062537B /* MatchItemsCollectionViewController.h */ = {isa = PBXFileReference; fileEncoding = 4; lastKnownFileType = sourcecode.c.h; path = MatchItemsCollectionViewController.h; sourceTree = "<group>"; };
		55C6ACD71EC8B3250062537B /* MatchItemsCollectionViewController.m */ = {isa = PBXFileReference; fileEncoding = 4; lastKnownFileType = sourcecode.c.objc; path = MatchItemsCollectionViewController.m; sourceTree = "<group>"; };
		55C6ACD91EC8B4300062537B /* ItemOfMatchCollectionViewCell.h */ = {isa = PBXFileReference; fileEncoding = 4; lastKnownFileType = sourcecode.c.h; path = ItemOfMatchCollectionViewCell.h; sourceTree = "<group>"; };
		55C6ACDA1EC8B4300062537B /* ItemOfMatchCollectionViewCell.m */ = {isa = PBXFileReference; fileEncoding = 4; lastKnownFileType = sourcecode.c.objc; path = ItemOfMatchCollectionViewCell.m; sourceTree = "<group>"; };
		55C6ACDC1EC8D33F0062537B /* MatchPrepareViewController.h */ = {isa = PBXFileReference; fileEncoding = 4; lastKnownFileType = sourcecode.c.h; path = MatchPrepareViewController.h; sourceTree = "<group>"; };
		55C6ACDD1EC8D33F0062537B /* MatchPrepareViewController.m */ = {isa = PBXFileReference; fileEncoding = 4; lastKnownFileType = sourcecode.c.objc; path = MatchPrepareViewController.m; sourceTree = "<group>"; };
		55C6ACDF1EC8D5AA0062537B /* MatchModeDelegate.h */ = {isa = PBXFileReference; fileEncoding = 4; lastKnownFileType = sourcecode.c.h; path = MatchModeDelegate.h; sourceTree = "<group>"; };
		55D34ED51EBA906500A2EE38 /* Memento.app */ = {isa = PBXFileReference; explicitFileType = wrapper.application; includeInIndex = 0; path = Memento.app; sourceTree = BUILT_PRODUCTS_DIR; };
		55D34ED91EBA906500A2EE38 /* main.m */ = {isa = PBXFileReference; lastKnownFileType = sourcecode.c.objc; path = main.m; sourceTree = "<group>"; };
		55D34EDB1EBA906500A2EE38 /* AppDelegate.h */ = {isa = PBXFileReference; lastKnownFileType = sourcecode.c.h; path = AppDelegate.h; sourceTree = "<group>"; };
		55D34EDC1EBA906500A2EE38 /* AppDelegate.m */ = {isa = PBXFileReference; lastKnownFileType = sourcecode.c.objc; path = AppDelegate.m; sourceTree = "<group>"; };
		55D34EDE1EBA906500A2EE38 /* SetsViewController.h */ = {isa = PBXFileReference; lastKnownFileType = sourcecode.c.h; path = SetsViewController.h; sourceTree = "<group>"; };
		55D34EDF1EBA906500A2EE38 /* SetsViewController.m */ = {isa = PBXFileReference; lastKnownFileType = sourcecode.c.objc; path = SetsViewController.m; sourceTree = "<group>"; };
		55D34EE21EBA906500A2EE38 /* Base */ = {isa = PBXFileReference; lastKnownFileType = file.storyboard; name = Base; path = Base.lproj/Main.storyboard; sourceTree = "<group>"; };
		55D34EE41EBA906500A2EE38 /* Assets.xcassets */ = {isa = PBXFileReference; lastKnownFileType = folder.assetcatalog; path = Assets.xcassets; sourceTree = "<group>"; };
		55D34EE71EBA906500A2EE38 /* Base */ = {isa = PBXFileReference; lastKnownFileType = file.storyboard; name = Base; path = Base.lproj/LaunchScreen.storyboard; sourceTree = "<group>"; };
		55D34EE91EBA906500A2EE38 /* Info.plist */ = {isa = PBXFileReference; lastKnownFileType = text.plist.xml; path = Info.plist; sourceTree = "<group>"; };
		55D34EEF1EBAA0BF00A2EE38 /* Set.h */ = {isa = PBXFileReference; fileEncoding = 4; lastKnownFileType = sourcecode.c.h; path = Set.h; sourceTree = "<group>"; };
		55D34EF01EBAA0BF00A2EE38 /* Set.m */ = {isa = PBXFileReference; fileEncoding = 4; lastKnownFileType = sourcecode.c.objc; path = Set.m; sourceTree = "<group>"; };
		55D34EF21EBAA28500A2EE38 /* SetTableViewCell.h */ = {isa = PBXFileReference; fileEncoding = 4; lastKnownFileType = sourcecode.c.h; path = SetTableViewCell.h; sourceTree = "<group>"; };
		55D34EF31EBAA28500A2EE38 /* SetTableViewCell.m */ = {isa = PBXFileReference; fileEncoding = 4; lastKnownFileType = sourcecode.c.objc; path = SetTableViewCell.m; sourceTree = "<group>"; };
		55F27BC41ECC7B8F00EE58F9 /* NSMutableArray+Shuffle.h */ = {isa = PBXFileReference; fileEncoding = 4; lastKnownFileType = sourcecode.c.h; path = "NSMutableArray+Shuffle.h"; sourceTree = "<group>"; };
		55F27BC51ECC7B8F00EE58F9 /* NSMutableArray+Shuffle.m */ = {isa = PBXFileReference; fileEncoding = 4; lastKnownFileType = sourcecode.c.objc; path = "NSMutableArray+Shuffle.m"; sourceTree = "<group>"; };
/* End PBXFileReference section */

/* Begin PBXFrameworksBuildPhase section */
		55D34ED21EBA906500A2EE38 /* Frameworks */ = {
			isa = PBXFrameworksBuildPhase;
			buildActionMask = 2147483647;
			files = (
			);
			runOnlyForDeploymentPostprocessing = 0;
		};
/* End PBXFrameworksBuildPhase section */

/* Begin PBXGroup section */
		5556BE561ED2F68500E8DC64 /* MatchMode */ = {
			isa = PBXGroup;
			children = (
				55C6ACDC1EC8D33F0062537B /* MatchPrepareViewController.h */,
				55C6ACDD1EC8D33F0062537B /* MatchPrepareViewController.m */,
				55C6ACD61EC8B3250062537B /* MatchItemsCollectionViewController.h */,
				55C6ACD71EC8B3250062537B /* MatchItemsCollectionViewController.m */,
			);
			name = MatchMode;
			sourceTree = "<group>";
		};
		5556BE571ED2F68D00E8DC64 /* LearnMode */ = {
			isa = PBXGroup;
			children = (
				557D1D311ED3B15100DC7ADE /* LearnModeProtocol.h */,
				557D1D321ED3B45F00DC7ADE /* LearnModeOrganizer.h */,
				557D1D331ED3B45F00DC7ADE /* LearnModeOrganizer.m */,
				555AE4FB1ECDDA9E00A500CA /* LearnRoundViewController.h */,
				555AE4FC1ECDDA9E00A500CA /* LearnRoundViewController.m */,
				5556BE531ED2ECFF00E8DC64 /* LearnRoundInfoTableViewController.h */,
				5556BE541ED2ECFF00E8DC64 /* LearnRoundInfoTableViewController.m */,
			);
			name = LearnMode;
			sourceTree = "<group>";
		};
		557D1D381ED3DA5300DC7ADE /* LearnMode */ = {
			isa = PBXGroup;
			children = (
				5556BE5B1ED3244F00E8DC64 /* Circle.h */,
				5556BE5C1ED3244F00E8DC64 /* Circle.m */,
				5556BE5E1ED3266D00E8DC64 /* LearnRoundInfoHeader.h */,
				5556BE5F1ED3266D00E8DC64 /* LearnRoundInfoHeader.m */,
				5556BE611ED3267C00E8DC64 /* LearnRoundInfoHeader.xib */,
				557D1D351ED3D77F00DC7ADE /* LearnRoundInfoTableViewCell.h */,
				557D1D361ED3D77F00DC7ADE /* LearnRoundInfoTableViewCell.m */,
			);
			name = LearnMode;
			sourceTree = "<group>";
		};
		55A8F3DB1EBBE017000D5DB0 /* Model */ = {
			isa = PBXGroup;
			children = (
				55D34EEF1EBAA0BF00A2EE38 /* Set.h */,
				55D34EF01EBAA0BF00A2EE38 /* Set.m */,
				55A8F3D81EBBDD68000D5DB0 /* ItemOfSet.h */,
				55A8F3D91EBBDD68000D5DB0 /* ItemOfSet.m */,
			);
			name = Model;
			sourceTree = "<group>";
		};
		55A8F3E11EBC86B5000D5DB0 /* View */ = {
			isa = PBXGroup;
			children = (
				55D34EF21EBAA28500A2EE38 /* SetTableViewCell.h */,
				55D34EF31EBAA28500A2EE38 /* SetTableViewCell.m */,
				55A8F3DC1EBBEFE2000D5DB0 /* ItemOfSetTableViewCell.h */,
				55A8F3DD1EBBEFE2000D5DB0 /* ItemOfSetTableViewCell.m */,
				55A8F3DE1EBBEFE2000D5DB0 /* ItemOfSetTableViewCell.xib */,
				55C6ACD91EC8B4300062537B /* ItemOfMatchCollectionViewCell.h */,
				55C6ACDA1EC8B4300062537B /* ItemOfMatchCollectionViewCell.m */,
				557D1D381ED3DA5300DC7ADE /* LearnMode */,
			);
			name = View;
			sourceTree = "<group>";
		};
		55D34ECC1EBA906500A2EE38 = {
			isa = PBXGroup;
			children = (
				55D34ED71EBA906500A2EE38 /* Memento */,
				55D34ED61EBA906500A2EE38 /* Products */,
			);
			sourceTree = "<group>";
		};
		55D34ED61EBA906500A2EE38 /* Products */ = {
			isa = PBXGroup;
			children = (
				55D34ED51EBA906500A2EE38 /* Memento.app */,
			);
			name = Products;
			sourceTree = "<group>";
		};
		55D34ED71EBA906500A2EE38 /* Memento */ = {
			isa = PBXGroup;
			children = (
				55D34EE11EBA906500A2EE38 /* Main.storyboard */,
				55A8F3DB1EBBE017000D5DB0 /* Model */,
				55A8F3E11EBC86B5000D5DB0 /* View */,
				55D34EF81EBAB05500A2EE38 /* Controllers */,
				55D34ED81EBA906500A2EE38 /* Supporting Files */,
				55F27BC31ECC7B6C00EE58F9 /* Categories */,
				55C6ACDF1EC8D5AA0062537B /* MatchModeDelegate.h */,
			);
			path = Memento;
			sourceTree = "<group>";
		};
		55D34ED81EBA906500A2EE38 /* Supporting Files */ = {
			isa = PBXGroup;
			children = (
				55D34EDB1EBA906500A2EE38 /* AppDelegate.h */,
				55D34EDC1EBA906500A2EE38 /* AppDelegate.m */,
				55D34EE41EBA906500A2EE38 /* Assets.xcassets */,
				55D34EE61EBA906500A2EE38 /* LaunchScreen.storyboard */,
				55D34EE91EBA906500A2EE38 /* Info.plist */,
				55D34ED91EBA906500A2EE38 /* main.m */,
			);
			name = "Supporting Files";
			sourceTree = "<group>";
		};
		55D34EF81EBAB05500A2EE38 /* Controllers */ = {
			isa = PBXGroup;
			children = (
				55D34EDE1EBA906500A2EE38 /* SetsViewController.h */,
				55D34EDF1EBA906500A2EE38 /* SetsViewController.m */,
				55C6ACCB1EC873B20062537B /* CreateSetTableViewController.h */,
				55C6ACCC1EC873B20062537B /* CreateSetTableViewController.m */,
				55C6ACD31EC89EF80062537B /* DetailSetTableViewController.h */,
				55C6ACD41EC89EF80062537B /* DetailSetTableViewController.m */,
				5556BE561ED2F68500E8DC64 /* MatchMode */,
				5556BE571ED2F68D00E8DC64 /* LearnMode */,
			);
			name = Controllers;
			sourceTree = "<group>";
		};
		55F27BC31ECC7B6C00EE58F9 /* Categories */ = {
			isa = PBXGroup;
			children = (
				55A8F3E21EBC98ED000D5DB0 /* UITableView+GettingIndexPath.h */,
				55A8F3E31EBC98ED000D5DB0 /* UITableView+GettingIndexPath.m */,
				55F27BC41ECC7B8F00EE58F9 /* NSMutableArray+Shuffle.h */,
				55F27BC51ECC7B8F00EE58F9 /* NSMutableArray+Shuffle.m */,
			);
			name = Categories;
			sourceTree = "<group>";
		};
/* End PBXGroup section */

/* Begin PBXNativeTarget section */
		55D34ED41EBA906500A2EE38 /* Memento */ = {
			isa = PBXNativeTarget;
			buildConfigurationList = 55D34EEC1EBA906500A2EE38 /* Build configuration list for PBXNativeTarget "Memento" */;
			buildPhases = (
				55D34ED11EBA906500A2EE38 /* Sources */,
				55D34ED21EBA906500A2EE38 /* Frameworks */,
				55D34ED31EBA906500A2EE38 /* Resources */,
			);
			buildRules = (
			);
			dependencies = (
			);
			name = Memento;
			productName = Memento;
			productReference = 55D34ED51EBA906500A2EE38 /* Memento.app */;
			productType = "com.apple.product-type.application";
		};
/* End PBXNativeTarget section */

/* Begin PBXProject section */
		55D34ECD1EBA906500A2EE38 /* Project object */ = {
			isa = PBXProject;
			attributes = {
				LastUpgradeCheck = 0820;
				ORGANIZATIONNAME = "Andrey Morozov";
				TargetAttributes = {
					55D34ED41EBA906500A2EE38 = {
						CreatedOnToolsVersion = 8.2.1;
						DevelopmentTeam = 58CCZPCE6T;
						ProvisioningStyle = Automatic;
					};
				};
			};
			buildConfigurationList = 55D34ED01EBA906500A2EE38 /* Build configuration list for PBXProject "Memento" */;
			compatibilityVersion = "Xcode 3.2";
			developmentRegion = English;
			hasScannedForEncodings = 0;
			knownRegions = (
				en,
				Base,
			);
			mainGroup = 55D34ECC1EBA906500A2EE38;
			productRefGroup = 55D34ED61EBA906500A2EE38 /* Products */;
			projectDirPath = "";
			projectRoot = "";
			targets = (
				55D34ED41EBA906500A2EE38 /* Memento */,
			);
		};
/* End PBXProject section */

/* Begin PBXResourcesBuildPhase section */
		55D34ED31EBA906500A2EE38 /* Resources */ = {
			isa = PBXResourcesBuildPhase;
			buildActionMask = 2147483647;
			files = (
				55D34EE81EBA906500A2EE38 /* LaunchScreen.storyboard in Resources */,
				55D34EE51EBA906500A2EE38 /* Assets.xcassets in Resources */,
				55A8F3E01EBBEFE2000D5DB0 /* ItemOfSetTableViewCell.xib in Resources */,
				5556BE621ED3267C00E8DC64 /* LearnRoundInfoHeader.xib in Resources */,
				55D34EE31EBA906500A2EE38 /* Main.storyboard in Resources */,
			);
			runOnlyForDeploymentPostprocessing = 0;
		};
/* End PBXResourcesBuildPhase section */

/* Begin PBXSourcesBuildPhase section */
		55D34ED11EBA906500A2EE38 /* Sources */ = {
			isa = PBXSourcesBuildPhase;
			buildActionMask = 2147483647;
			files = (
				55C6ACCD1EC873B20062537B /* CreateSetTableViewController.m in Sources */,
				55A8F3DA1EBBDD68000D5DB0 /* ItemOfSet.m in Sources */,
				55C6ACD81EC8B3250062537B /* MatchItemsCollectionViewController.m in Sources */,
				5556BE551ED2ECFF00E8DC64 /* LearnRoundInfoTableViewController.m in Sources */,
				5556BE601ED3266D00E8DC64 /* LearnRoundInfoHeader.m in Sources */,
				557D1D341ED3B45F00DC7ADE /* LearnModeOrganizer.m in Sources */,
				55C6ACD51EC89EF80062537B /* DetailSetTableViewController.m in Sources */,
				55D34EF11EBAA0BF00A2EE38 /* Set.m in Sources */,
				55D34EE01EBA906500A2EE38 /* SetsViewController.m in Sources */,
				55C6ACDE1EC8D33F0062537B /* MatchPrepareViewController.m in Sources */,
				55F27BC61ECC7B8F00EE58F9 /* NSMutableArray+Shuffle.m in Sources */,
				555AE4FD1ECDDA9E00A500CA /* LearnRoundViewController.m in Sources */,
				55C6ACDB1EC8B4300062537B /* ItemOfMatchCollectionViewCell.m in Sources */,
				5556BE5D1ED3244F00E8DC64 /* Circle.m in Sources */,
				55D34EDD1EBA906500A2EE38 /* AppDelegate.m in Sources */,
				55D34EF41EBAA28500A2EE38 /* SetTableViewCell.m in Sources */,
				55A8F3E41EBC98ED000D5DB0 /* UITableView+GettingIndexPath.m in Sources */,
				557D1D371ED3D77F00DC7ADE /* LearnRoundInfoTableViewCell.m in Sources */,
				55D34EDA1EBA906500A2EE38 /* main.m in Sources */,
				55A8F3DF1EBBEFE2000D5DB0 /* ItemOfSetTableViewCell.m in Sources */,
			);
			runOnlyForDeploymentPostprocessing = 0;
		};
/* End PBXSourcesBuildPhase section */

/* Begin PBXVariantGroup section */
		55D34EE11EBA906500A2EE38 /* Main.storyboard */ = {
			isa = PBXVariantGroup;
			children = (
				55D34EE21EBA906500A2EE38 /* Base */,
			);
			name = Main.storyboard;
			sourceTree = "<group>";
		};
		55D34EE61EBA906500A2EE38 /* LaunchScreen.storyboard */ = {
			isa = PBXVariantGroup;
			children = (
				55D34EE71EBA906500A2EE38 /* Base */,
			);
			name = LaunchScreen.storyboard;
			sourceTree = "<group>";
		};
/* End PBXVariantGroup section */

/* Begin XCBuildConfiguration section */
		55D34EEA1EBA906500A2EE38 /* Debug */ = {
			isa = XCBuildConfiguration;
			buildSettings = {
				ALWAYS_SEARCH_USER_PATHS = NO;
				CLANG_ANALYZER_NONNULL = YES;
				CLANG_CXX_LANGUAGE_STANDARD = "gnu++0x";
				CLANG_CXX_LIBRARY = "libc++";
				CLANG_ENABLE_MODULES = YES;
				CLANG_ENABLE_OBJC_ARC = YES;
				CLANG_WARN_BOOL_CONVERSION = YES;
				CLANG_WARN_CONSTANT_CONVERSION = YES;
				CLANG_WARN_DIRECT_OBJC_ISA_USAGE = YES_ERROR;
				CLANG_WARN_DOCUMENTATION_COMMENTS = YES;
				CLANG_WARN_EMPTY_BODY = YES;
				CLANG_WARN_ENUM_CONVERSION = YES;
				CLANG_WARN_INFINITE_RECURSION = YES;
				CLANG_WARN_INT_CONVERSION = YES;
				CLANG_WARN_OBJC_ROOT_CLASS = YES_ERROR;
				CLANG_WARN_SUSPICIOUS_MOVE = YES;
				CLANG_WARN_UNREACHABLE_CODE = YES;
				CLANG_WARN__DUPLICATE_METHOD_MATCH = YES;
				"CODE_SIGN_IDENTITY[sdk=iphoneos*]" = "iPhone Developer";
				COPY_PHASE_STRIP = NO;
				DEBUG_INFORMATION_FORMAT = dwarf;
				ENABLE_STRICT_OBJC_MSGSEND = YES;
				ENABLE_TESTABILITY = YES;
				GCC_C_LANGUAGE_STANDARD = gnu99;
				GCC_DYNAMIC_NO_PIC = NO;
				GCC_NO_COMMON_BLOCKS = YES;
				GCC_OPTIMIZATION_LEVEL = 0;
				GCC_PREPROCESSOR_DEFINITIONS = (
					"DEBUG=1",
					"$(inherited)",
				);
				GCC_WARN_64_TO_32_BIT_CONVERSION = YES;
				GCC_WARN_ABOUT_RETURN_TYPE = YES_ERROR;
				GCC_WARN_UNDECLARED_SELECTOR = YES;
				GCC_WARN_UNINITIALIZED_AUTOS = YES_AGGRESSIVE;
				GCC_WARN_UNUSED_FUNCTION = YES;
				GCC_WARN_UNUSED_VARIABLE = YES;
				IPHONEOS_DEPLOYMENT_TARGET = 9.3;
				MTL_ENABLE_DEBUG_INFO = YES;
				ONLY_ACTIVE_ARCH = YES;
				SDKROOT = iphoneos;
			};
			name = Debug;
		};
		55D34EEB1EBA906500A2EE38 /* Release */ = {
			isa = XCBuildConfiguration;
			buildSettings = {
				ALWAYS_SEARCH_USER_PATHS = NO;
				CLANG_ANALYZER_NONNULL = YES;
				CLANG_CXX_LANGUAGE_STANDARD = "gnu++0x";
				CLANG_CXX_LIBRARY = "libc++";
				CLANG_ENABLE_MODULES = YES;
				CLANG_ENABLE_OBJC_ARC = YES;
				CLANG_WARN_BOOL_CONVERSION = YES;
				CLANG_WARN_CONSTANT_CONVERSION = YES;
				CLANG_WARN_DIRECT_OBJC_ISA_USAGE = YES_ERROR;
				CLANG_WARN_DOCUMENTATION_COMMENTS = YES;
				CLANG_WARN_EMPTY_BODY = YES;
				CLANG_WARN_ENUM_CONVERSION = YES;
				CLANG_WARN_INFINITE_RECURSION = YES;
				CLANG_WARN_INT_CONVERSION = YES;
				CLANG_WARN_OBJC_ROOT_CLASS = YES_ERROR;
				CLANG_WARN_SUSPICIOUS_MOVE = YES;
				CLANG_WARN_UNREACHABLE_CODE = YES;
				CLANG_WARN__DUPLICATE_METHOD_MATCH = YES;
				"CODE_SIGN_IDENTITY[sdk=iphoneos*]" = "iPhone Developer";
				COPY_PHASE_STRIP = NO;
				DEBUG_INFORMATION_FORMAT = "dwarf-with-dsym";
				ENABLE_NS_ASSERTIONS = NO;
				ENABLE_STRICT_OBJC_MSGSEND = YES;
				GCC_C_LANGUAGE_STANDARD = gnu99;
				GCC_NO_COMMON_BLOCKS = YES;
				GCC_WARN_64_TO_32_BIT_CONVERSION = YES;
				GCC_WARN_ABOUT_RETURN_TYPE = YES_ERROR;
				GCC_WARN_UNDECLARED_SELECTOR = YES;
				GCC_WARN_UNINITIALIZED_AUTOS = YES_AGGRESSIVE;
				GCC_WARN_UNUSED_FUNCTION = YES;
				GCC_WARN_UNUSED_VARIABLE = YES;
				IPHONEOS_DEPLOYMENT_TARGET = 9.3;
				MTL_ENABLE_DEBUG_INFO = NO;
				SDKROOT = iphoneos;
				VALIDATE_PRODUCT = YES;
			};
			name = Release;
		};
		55D34EED1EBA906500A2EE38 /* Debug */ = {
			isa = XCBuildConfiguration;
			buildSettings = {
				ASSETCATALOG_COMPILER_APPICON_NAME = AppIcon;
				"CODE_SIGN_IDENTITY[sdk=iphoneos*]" = "iPhone Developer";
				DEVELOPMENT_TEAM = 58CCZPCE6T;
				INFOPLIST_FILE = Memento/Info.plist;
				IPHONEOS_DEPLOYMENT_TARGET = 9.3;
				LD_RUNPATH_SEARCH_PATHS = "$(inherited) @executable_path/Frameworks";
				PRODUCT_BUNDLE_IDENTIFIER = Jastic7.Memento;
				PRODUCT_NAME = "$(TARGET_NAME)";
			};
			name = Debug;
		};
		55D34EEE1EBA906500A2EE38 /* Release */ = {
			isa = XCBuildConfiguration;
			buildSettings = {
				ASSETCATALOG_COMPILER_APPICON_NAME = AppIcon;
				"CODE_SIGN_IDENTITY[sdk=iphoneos*]" = "iPhone Developer";
				DEVELOPMENT_TEAM = 58CCZPCE6T;
				INFOPLIST_FILE = Memento/Info.plist;
				IPHONEOS_DEPLOYMENT_TARGET = 9.3;
				LD_RUNPATH_SEARCH_PATHS = "$(inherited) @executable_path/Frameworks";
				PRODUCT_BUNDLE_IDENTIFIER = Jastic7.Memento;
				PRODUCT_NAME = "$(TARGET_NAME)";
			};
			name = Release;
		};
/* End XCBuildConfiguration section */

/* Begin XCConfigurationList section */
		55D34ED01EBA906500A2EE38 /* Build configuration list for PBXProject "Memento" */ = {
			isa = XCConfigurationList;
			buildConfigurations = (
				55D34EEA1EBA906500A2EE38 /* Debug */,
				55D34EEB1EBA906500A2EE38 /* Release */,
			);
			defaultConfigurationIsVisible = 0;
			defaultConfigurationName = Release;
		};
		55D34EEC1EBA906500A2EE38 /* Build configuration list for PBXNativeTarget "Memento" */ = {
			isa = XCConfigurationList;
			buildConfigurations = (
				55D34EED1EBA906500A2EE38 /* Debug */,
				55D34EEE1EBA906500A2EE38 /* Release */,
			);
			defaultConfigurationIsVisible = 0;
			defaultConfigurationName = Release;
		};
/* End XCConfigurationList section */
	};
	rootObject = 55D34ECD1EBA906500A2EE38 /* Project object */;
}
